PODS:
  - Bolts/Tasks (1.9.0)
  - FBSDKCoreKit (5.2.1):
    - FBSDKCoreKit/Basics (= 5.2.1)
    - FBSDKCoreKit/Core (= 5.2.1)
  - FBSDKCoreKit/Basics (5.2.1)
  - FBSDKCoreKit/Core (5.2.1):
    - FBSDKCoreKit/Basics
  - FBSDKLoginKit (5.2.1):
    - FBSDKCoreKit (~> 5.0)
  - Parse (1.17.2):
    - Parse/Core (= 1.17.2)
  - Parse/Core (1.17.2):
    - Bolts/Tasks (~> 1.9)
  - "UITextView+Placeholder (1.2.1)"

DEPENDENCIES:
  - FBSDKLoginKit
  - Parse
  - "UITextView+Placeholder"

SPEC REPOS:
  https://github.com/cocoapods/specs.git:
    - Bolts
    - FBSDKCoreKit
    - FBSDKLoginKit
    - Parse
    - "UITextView+Placeholder"

SPEC CHECKSUMS:
  Bolts: ac6567323eac61e203f6a9763667d0f711be34c8
  FBSDKCoreKit: e1ab8d86f5eea2d7aa6ab12acca3e1d2dcb11983
  FBSDKLoginKit: 6e20e44775ddf4b159a8ca676834325e13d12221
  Parse: 3b31a3dd1777b07ee7f0caee32fafbff544483a5
  "UITextView+Placeholder": 0c3efd97f37ea64bde7f34cc6e90fe02e87b3909

PODFILE CHECKSUM: 2a4b5288dea697c8b3576ab9e2d25383600ea5e3

COCOAPODS: 1.7.2
