// !$*UTF8*$!
{
	archiveVersion = 1;
	classes = {
	};
	objectVersion = 51;
	objects = {

/* Begin PBXBuildFile section */
		0C01F9F322EA7A90009D4947 /* Post.m in Sources */ = {isa = PBXBuildFile; fileRef = 0C01F9F222EA7A90009D4947 /* Post.m */; };
		3827E2C622DE98F8008B8FA0 /* AppDelegate.m in Sources */ = {isa = PBXBuildFile; fileRef = 3827E2C522DE98F8008B8FA0 /* AppDelegate.m */; };
		3827E2CC22DE98F8008B8FA0 /* Main.storyboard in Resources */ = {isa = PBXBuildFile; fileRef = 3827E2CA22DE98F8008B8FA0 /* Main.storyboard */; };
		3827E2CE22DE98F9008B8FA0 /* Assets.xcassets in Resources */ = {isa = PBXBuildFile; fileRef = 3827E2CD22DE98F9008B8FA0 /* Assets.xcassets */; };
		3827E2D122DE98F9008B8FA0 /* LaunchScreen.storyboard in Resources */ = {isa = PBXBuildFile; fileRef = 3827E2CF22DE98F9008B8FA0 /* LaunchScreen.storyboard */; };
		3827E2D422DE98F9008B8FA0 /* main.m in Sources */ = {isa = PBXBuildFile; fileRef = 3827E2D322DE98F9008B8FA0 /* main.m */; };
		3827E2DE22DE98F9008B8FA0 /* fbuappTests.m in Sources */ = {isa = PBXBuildFile; fileRef = 3827E2DD22DE98F9008B8FA0 /* fbuappTests.m */; };
		3827E2E922DE98F9008B8FA0 /* fbuappUITests.m in Sources */ = {isa = PBXBuildFile; fileRef = 3827E2E822DE98F9008B8FA0 /* fbuappUITests.m */; };
		3827E30322E236BC008B8FA0 /* CreatePostViewController.m in Sources */ = {isa = PBXBuildFile; fileRef = 3827E30122E236BC008B8FA0 /* CreatePostViewController.m */; };
		3827E30422E236BC008B8FA0 /* CreatePostViewController.xib in Resources */ = {isa = PBXBuildFile; fileRef = 3827E30222E236BC008B8FA0 /* CreatePostViewController.xib */; };
		3827E30622E29935008B8FA0 /* CoreLocation.framework in Frameworks */ = {isa = PBXBuildFile; fileRef = 3827E30522E29935008B8FA0 /* CoreLocation.framework */; };
		3898B14122EB6DB70022B219 /* UIViewController+Alerts.m in Sources */ = {isa = PBXBuildFile; fileRef = 3898B14022EB6DB70022B219 /* UIViewController+Alerts.m */; };
		3898B15C22F0EC1F0022B219 /* TitleCell.m in Sources */ = {isa = PBXBuildFile; fileRef = 3898B15A22F0EC1F0022B219 /* TitleCell.m */; };
		3898B15D22F0EC1F0022B219 /* TitleCell.xib in Resources */ = {isa = PBXBuildFile; fileRef = 3898B15B22F0EC1F0022B219 /* TitleCell.xib */; };
		3898B16122F0EE980022B219 /* DescriptionCell.m in Sources */ = {isa = PBXBuildFile; fileRef = 3898B15F22F0EE980022B219 /* DescriptionCell.m */; };
		3898B16222F0EE980022B219 /* DescriptionCell.xib in Resources */ = {isa = PBXBuildFile; fileRef = 3898B16022F0EE980022B219 /* DescriptionCell.xib */; };
		3898B16622F0EEAB0022B219 /* LocationCell.m in Sources */ = {isa = PBXBuildFile; fileRef = 3898B16422F0EEAB0022B219 /* LocationCell.m */; };
		3898B16722F0EEAB0022B219 /* LocationCell.xib in Resources */ = {isa = PBXBuildFile; fileRef = 3898B16522F0EEAB0022B219 /* LocationCell.xib */; };
		3898B16B22F0EEC10022B219 /* AuthorCell.m in Sources */ = {isa = PBXBuildFile; fileRef = 3898B16922F0EEC10022B219 /* AuthorCell.m */; };
		3898B16C22F0EEC10022B219 /* AuthorCell.xib in Resources */ = {isa = PBXBuildFile; fileRef = 3898B16A22F0EEC10022B219 /* AuthorCell.xib */; };
		3898B17022F0EFA60022B219 /* ImageCell.m in Sources */ = {isa = PBXBuildFile; fileRef = 3898B16E22F0EFA60022B219 /* ImageCell.m */; };
		3898B17122F0EFA60022B219 /* ImageCell.xib in Resources */ = {isa = PBXBuildFile; fileRef = 3898B16F22F0EFA60022B219 /* ImageCell.xib */; };
		3898B17522F0EFC50022B219 /* CategoryCell.m in Sources */ = {isa = PBXBuildFile; fileRef = 3898B17322F0EFC50022B219 /* CategoryCell.m */; };
		3898B17622F0EFC50022B219 /* CategoryCell.xib in Resources */ = {isa = PBXBuildFile; fileRef = 3898B17422F0EFC50022B219 /* CategoryCell.xib */; };
		3898B18022F210E70022B219 /* DetailsViewController.m in Sources */ = {isa = PBXBuildFile; fileRef = 3898B17E22F210E70022B219 /* DetailsViewController.m */; };
		3898B18122F210E70022B219 /* DetailsViewController.xib in Resources */ = {isa = PBXBuildFile; fileRef = 3898B17F22F210E70022B219 /* DetailsViewController.xib */; };
		38FBA5A622E8E026002C1114 /* EnterLocationViewController.m in Sources */ = {isa = PBXBuildFile; fileRef = 38FBA5A422E8E026002C1114 /* EnterLocationViewController.m */; };
		38FBA5A722E8E026002C1114 /* EnterLocationViewController.xib in Resources */ = {isa = PBXBuildFile; fileRef = 38FBA5A522E8E026002C1114 /* EnterLocationViewController.xib */; };
		38FBA5B222EA1DEA002C1114 /* Utils.m in Sources */ = {isa = PBXBuildFile; fileRef = 38FBA5B122EA1DEA002C1114 /* Utils.m */; };
		63621F569495DE61AF213B2D /* Pods_fbuapp.framework in Frameworks */ = {isa = PBXBuildFile; fileRef = FC76A9E39E04C6D89AFC7E1E /* Pods_fbuapp.framework */; };
		830B5C5522F4B10A002FCC24 /* EditViewController.m in Sources */ = {isa = PBXBuildFile; fileRef = 830B5C5322F4B10A002FCC24 /* EditViewController.m */; };
		830B5C5622F4B10A002FCC24 /* EditViewController.xib in Resources */ = {isa = PBXBuildFile; fileRef = 830B5C5422F4B10A002FCC24 /* EditViewController.xib */; };
		83657DE022E24824002EB6A8 /* LogViewController.m in Sources */ = {isa = PBXBuildFile; fileRef = 83657DDE22E24824002EB6A8 /* LogViewController.m */; };
		83657DE122E24824002EB6A8 /* LogViewController.xib in Resources */ = {isa = PBXBuildFile; fileRef = 83657DDF22E24824002EB6A8 /* LogViewController.xib */; };
		83657DEE22E67606002EB6A8 /* RegisterViewController.m in Sources */ = {isa = PBXBuildFile; fileRef = 83657DEC22E67606002EB6A8 /* RegisterViewController.m */; };
		83657DEF22E67606002EB6A8 /* RegisterViewController.xib in Resources */ = {isa = PBXBuildFile; fileRef = 83657DED22E67606002EB6A8 /* RegisterViewController.xib */; };
		83E6B27822E234C10045B437 /* ProfileViewController.m in Sources */ = {isa = PBXBuildFile; fileRef = 83E6B27622E234C10045B437 /* ProfileViewController.m */; };
		83E6B27922E234C10045B437 /* ProfileViewController.xib in Resources */ = {isa = PBXBuildFile; fileRef = 83E6B27722E234C10045B437 /* ProfileViewController.xib */; };
		A419822B22EBBC4300791E06 /* PillCell.xib in Resources */ = {isa = PBXBuildFile; fileRef = A419822522EBBC4300791E06 /* PillCell.xib */; };
		A419822C22EBBC4300791E06 /* CategoryHeaderView.xib in Resources */ = {isa = PBXBuildFile; fileRef = A419822722EBBC4300791E06 /* CategoryHeaderView.xib */; };
		A419822D22EBBC4300791E06 /* CategoryHeaderView.m in Sources */ = {isa = PBXBuildFile; fileRef = A419822822EBBC4300791E06 /* CategoryHeaderView.m */; };
		A419822E22EBBC4300791E06 /* PillCell.m in Sources */ = {isa = PBXBuildFile; fileRef = A419822A22EBBC4300791E06 /* PillCell.m */; };
		A419823122EF5C2700791E06 /* EventCategory.m in Sources */ = {isa = PBXBuildFile; fileRef = A419823022EF5C2700791E06 /* EventCategory.m */; };
		A419823422EF675000791E06 /* UIColor+Helpers.m in Sources */ = {isa = PBXBuildFile; fileRef = A419823322EF675000791E06 /* UIColor+Helpers.m */; };
		A419823C22EF95B700791E06 /* PostTableView.m in Sources */ = {isa = PBXBuildFile; fileRef = A419823B22EF95B700791E06 /* PostTableView.m */; };
		A419823F22EFB05900791E06 /* Favorite.m in Sources */ = {isa = PBXBuildFile; fileRef = A419823E22EFB05900791E06 /* Favorite.m */; };
		A456BCBE22F204D2008C4E3B /* FilterViewController.m in Sources */ = {isa = PBXBuildFile; fileRef = A456BCBC22F204D2008C4E3B /* FilterViewController.m */; };
		A456BCBF22F204D2008C4E3B /* FilterViewController.xib in Resources */ = {isa = PBXBuildFile; fileRef = A456BCBD22F204D2008C4E3B /* FilterViewController.xib */; };
		A456BCC222F24317008C4E3B /* PFGeoPoint+Helpers.m in Sources */ = {isa = PBXBuildFile; fileRef = A456BCC122F24317008C4E3B /* PFGeoPoint+Helpers.m */; };
		A456BCC522F24829008C4E3B /* NSDate+Helpers.m in Sources */ = {isa = PBXBuildFile; fileRef = A456BCC422F24829008C4E3B /* NSDate+Helpers.m */; };
		A456BCC822F24AE2008C4E3B /* PFFileObject+Helpers.m in Sources */ = {isa = PBXBuildFile; fileRef = A456BCC722F24AE2008C4E3B /* PFFileObject+Helpers.m */; };
		A496A59522E24C9B00F9E81A /* HomeViewController.m in Sources */ = {isa = PBXBuildFile; fileRef = A496A59322E24C9B00F9E81A /* HomeViewController.m */; };
		A496A59622E24C9B00F9E81A /* HomeViewController.xib in Resources */ = {isa = PBXBuildFile; fileRef = A496A59422E24C9B00F9E81A /* HomeViewController.xib */; };
		A496A5A322E25CF800F9E81A /* PostCell.m in Sources */ = {isa = PBXBuildFile; fileRef = A496A5A122E25CF800F9E81A /* PostCell.m */; };
		A496A5A422E25CF800F9E81A /* PostCell.xib in Resources */ = {isa = PBXBuildFile; fileRef = A496A5A222E25CF800F9E81A /* PostCell.xib */; };
		A4B6283B22E7C43C00248F45 /* CoreLocation.framework in Frameworks */ = {isa = PBXBuildFile; fileRef = A4B6283A22E7C43C00248F45 /* CoreLocation.framework */; };
/* End PBXBuildFile section */

/* Begin PBXContainerItemProxy section */
		3827E2DA22DE98F9008B8FA0 /* PBXContainerItemProxy */ = {
			isa = PBXContainerItemProxy;
			containerPortal = 3827E2B922DE98F8008B8FA0 /* Project object */;
			proxyType = 1;
			remoteGlobalIDString = 3827E2C022DE98F8008B8FA0;
			remoteInfo = fbuapp;
		};
		3827E2E522DE98F9008B8FA0 /* PBXContainerItemProxy */ = {
			isa = PBXContainerItemProxy;
			containerPortal = 3827E2B922DE98F8008B8FA0 /* Project object */;
			proxyType = 1;
			remoteGlobalIDString = 3827E2C022DE98F8008B8FA0;
			remoteInfo = fbuapp;
		};
/* End PBXContainerItemProxy section */

/* Begin PBXFileReference section */
		0C01F9F122EA7A90009D4947 /* Post.h */ = {isa = PBXFileReference; fileEncoding = 4; lastKnownFileType = sourcecode.c.h; path = Post.h; sourceTree = "<group>"; };
		0C01F9F222EA7A90009D4947 /* Post.m */ = {isa = PBXFileReference; fileEncoding = 4; lastKnownFileType = sourcecode.c.objc; path = Post.m; sourceTree = "<group>"; };
		1947DF620A93CF45116F0D82 /* Pods-fbuapp.release.xcconfig */ = {isa = PBXFileReference; includeInIndex = 1; lastKnownFileType = text.xcconfig; name = "Pods-fbuapp.release.xcconfig"; path = "Target Support Files/Pods-fbuapp/Pods-fbuapp.release.xcconfig"; sourceTree = "<group>"; };
		3827E2C122DE98F8008B8FA0 /* fbuapp.app */ = {isa = PBXFileReference; explicitFileType = wrapper.application; includeInIndex = 0; path = fbuapp.app; sourceTree = BUILT_PRODUCTS_DIR; };
		3827E2C422DE98F8008B8FA0 /* AppDelegate.h */ = {isa = PBXFileReference; lastKnownFileType = sourcecode.c.h; path = AppDelegate.h; sourceTree = "<group>"; };
		3827E2C522DE98F8008B8FA0 /* AppDelegate.m */ = {isa = PBXFileReference; lastKnownFileType = sourcecode.c.objc; path = AppDelegate.m; sourceTree = "<group>"; };
		3827E2CB22DE98F8008B8FA0 /* Base */ = {isa = PBXFileReference; lastKnownFileType = file.storyboard; name = Base; path = Base.lproj/Main.storyboard; sourceTree = "<group>"; };
		3827E2CD22DE98F9008B8FA0 /* Assets.xcassets */ = {isa = PBXFileReference; lastKnownFileType = folder.assetcatalog; path = Assets.xcassets; sourceTree = "<group>"; };
		3827E2D022DE98F9008B8FA0 /* Base */ = {isa = PBXFileReference; lastKnownFileType = file.storyboard; name = Base; path = Base.lproj/LaunchScreen.storyboard; sourceTree = "<group>"; };
		3827E2D222DE98F9008B8FA0 /* Info.plist */ = {isa = PBXFileReference; lastKnownFileType = text.plist.xml; path = Info.plist; sourceTree = "<group>"; };
		3827E2D322DE98F9008B8FA0 /* main.m */ = {isa = PBXFileReference; lastKnownFileType = sourcecode.c.objc; path = main.m; sourceTree = "<group>"; };
		3827E2D922DE98F9008B8FA0 /* fbuappTests.xctest */ = {isa = PBXFileReference; explicitFileType = wrapper.cfbundle; includeInIndex = 0; path = fbuappTests.xctest; sourceTree = BUILT_PRODUCTS_DIR; };
		3827E2DD22DE98F9008B8FA0 /* fbuappTests.m */ = {isa = PBXFileReference; lastKnownFileType = sourcecode.c.objc; path = fbuappTests.m; sourceTree = "<group>"; };
		3827E2DF22DE98F9008B8FA0 /* Info.plist */ = {isa = PBXFileReference; lastKnownFileType = text.plist.xml; path = Info.plist; sourceTree = "<group>"; };
		3827E2E422DE98F9008B8FA0 /* fbuappUITests.xctest */ = {isa = PBXFileReference; explicitFileType = wrapper.cfbundle; includeInIndex = 0; path = fbuappUITests.xctest; sourceTree = BUILT_PRODUCTS_DIR; };
		3827E2E822DE98F9008B8FA0 /* fbuappUITests.m */ = {isa = PBXFileReference; lastKnownFileType = sourcecode.c.objc; path = fbuappUITests.m; sourceTree = "<group>"; };
		3827E2EA22DE98F9008B8FA0 /* Info.plist */ = {isa = PBXFileReference; lastKnownFileType = text.plist.xml; path = Info.plist; sourceTree = "<group>"; };
		3827E30022E236BC008B8FA0 /* CreatePostViewController.h */ = {isa = PBXFileReference; lastKnownFileType = sourcecode.c.h; path = CreatePostViewController.h; sourceTree = "<group>"; };
		3827E30122E236BC008B8FA0 /* CreatePostViewController.m */ = {isa = PBXFileReference; lastKnownFileType = sourcecode.c.objc; path = CreatePostViewController.m; sourceTree = "<group>"; };
		3827E30222E236BC008B8FA0 /* CreatePostViewController.xib */ = {isa = PBXFileReference; lastKnownFileType = file.xib; path = CreatePostViewController.xib; sourceTree = "<group>"; };
		3827E30522E29935008B8FA0 /* CoreLocation.framework */ = {isa = PBXFileReference; lastKnownFileType = wrapper.framework; name = CoreLocation.framework; path = System/Library/Frameworks/CoreLocation.framework; sourceTree = SDKROOT; };
		3898B13F22EB6DB70022B219 /* UIViewController+Alerts.h */ = {isa = PBXFileReference; lastKnownFileType = sourcecode.c.h; path = "UIViewController+Alerts.h"; sourceTree = "<group>"; };
		3898B14022EB6DB70022B219 /* UIViewController+Alerts.m */ = {isa = PBXFileReference; lastKnownFileType = sourcecode.c.objc; path = "UIViewController+Alerts.m"; sourceTree = "<group>"; };
		3898B15922F0EC1F0022B219 /* TitleCell.h */ = {isa = PBXFileReference; lastKnownFileType = sourcecode.c.h; path = TitleCell.h; sourceTree = "<group>"; };
		3898B15A22F0EC1F0022B219 /* TitleCell.m */ = {isa = PBXFileReference; lastKnownFileType = sourcecode.c.objc; path = TitleCell.m; sourceTree = "<group>"; };
		3898B15B22F0EC1F0022B219 /* TitleCell.xib */ = {isa = PBXFileReference; lastKnownFileType = file.xib; path = TitleCell.xib; sourceTree = "<group>"; };
		3898B15E22F0EE980022B219 /* DescriptionCell.h */ = {isa = PBXFileReference; lastKnownFileType = sourcecode.c.h; path = DescriptionCell.h; sourceTree = "<group>"; };
		3898B15F22F0EE980022B219 /* DescriptionCell.m */ = {isa = PBXFileReference; lastKnownFileType = sourcecode.c.objc; path = DescriptionCell.m; sourceTree = "<group>"; };
		3898B16022F0EE980022B219 /* DescriptionCell.xib */ = {isa = PBXFileReference; lastKnownFileType = file.xib; path = DescriptionCell.xib; sourceTree = "<group>"; };
		3898B16322F0EEAB0022B219 /* LocationCell.h */ = {isa = PBXFileReference; lastKnownFileType = sourcecode.c.h; path = LocationCell.h; sourceTree = "<group>"; };
		3898B16422F0EEAB0022B219 /* LocationCell.m */ = {isa = PBXFileReference; lastKnownFileType = sourcecode.c.objc; path = LocationCell.m; sourceTree = "<group>"; };
		3898B16522F0EEAB0022B219 /* LocationCell.xib */ = {isa = PBXFileReference; lastKnownFileType = file.xib; path = LocationCell.xib; sourceTree = "<group>"; };
		3898B16822F0EEC10022B219 /* AuthorCell.h */ = {isa = PBXFileReference; lastKnownFileType = sourcecode.c.h; path = AuthorCell.h; sourceTree = "<group>"; };
		3898B16922F0EEC10022B219 /* AuthorCell.m */ = {isa = PBXFileReference; lastKnownFileType = sourcecode.c.objc; path = AuthorCell.m; sourceTree = "<group>"; };
		3898B16A22F0EEC10022B219 /* AuthorCell.xib */ = {isa = PBXFileReference; lastKnownFileType = file.xib; path = AuthorCell.xib; sourceTree = "<group>"; };
		3898B16D22F0EFA60022B219 /* ImageCell.h */ = {isa = PBXFileReference; lastKnownFileType = sourcecode.c.h; path = ImageCell.h; sourceTree = "<group>"; };
		3898B16E22F0EFA60022B219 /* ImageCell.m */ = {isa = PBXFileReference; lastKnownFileType = sourcecode.c.objc; path = ImageCell.m; sourceTree = "<group>"; };
		3898B16F22F0EFA60022B219 /* ImageCell.xib */ = {isa = PBXFileReference; lastKnownFileType = file.xib; path = ImageCell.xib; sourceTree = "<group>"; };
		3898B17222F0EFC50022B219 /* CategoryCell.h */ = {isa = PBXFileReference; lastKnownFileType = sourcecode.c.h; path = CategoryCell.h; sourceTree = "<group>"; };
		3898B17322F0EFC50022B219 /* CategoryCell.m */ = {isa = PBXFileReference; lastKnownFileType = sourcecode.c.objc; path = CategoryCell.m; sourceTree = "<group>"; };
		3898B17422F0EFC50022B219 /* CategoryCell.xib */ = {isa = PBXFileReference; lastKnownFileType = file.xib; path = CategoryCell.xib; sourceTree = "<group>"; };
		3898B17C22F10B6B0022B219 /* Key.h */ = {isa = PBXFileReference; lastKnownFileType = sourcecode.c.h; path = Key.h; sourceTree = "<group>"; };
		3898B17D22F210E70022B219 /* DetailsViewController.h */ = {isa = PBXFileReference; lastKnownFileType = sourcecode.c.h; path = DetailsViewController.h; sourceTree = "<group>"; };
		3898B17E22F210E70022B219 /* DetailsViewController.m */ = {isa = PBXFileReference; lastKnownFileType = sourcecode.c.objc; path = DetailsViewController.m; sourceTree = "<group>"; };
		3898B17F22F210E70022B219 /* DetailsViewController.xib */ = {isa = PBXFileReference; lastKnownFileType = file.xib; path = DetailsViewController.xib; sourceTree = "<group>"; };
		38FBA5A322E8E026002C1114 /* EnterLocationViewController.h */ = {isa = PBXFileReference; lastKnownFileType = sourcecode.c.h; path = EnterLocationViewController.h; sourceTree = "<group>"; };
		38FBA5A422E8E026002C1114 /* EnterLocationViewController.m */ = {isa = PBXFileReference; lastKnownFileType = sourcecode.c.objc; path = EnterLocationViewController.m; sourceTree = "<group>"; };
		38FBA5A522E8E026002C1114 /* EnterLocationViewController.xib */ = {isa = PBXFileReference; lastKnownFileType = file.xib; path = EnterLocationViewController.xib; sourceTree = "<group>"; };
		38FBA5B022EA1DEA002C1114 /* Utils.h */ = {isa = PBXFileReference; lastKnownFileType = sourcecode.c.h; path = Utils.h; sourceTree = "<group>"; };
		38FBA5B122EA1DEA002C1114 /* Utils.m */ = {isa = PBXFileReference; lastKnownFileType = sourcecode.c.objc; path = Utils.m; sourceTree = "<group>"; };
		7E043F0558EB857B2995A1E8 /* Pods-fbuapp.debug.xcconfig */ = {isa = PBXFileReference; includeInIndex = 1; lastKnownFileType = text.xcconfig; name = "Pods-fbuapp.debug.xcconfig"; path = "Target Support Files/Pods-fbuapp/Pods-fbuapp.debug.xcconfig"; sourceTree = "<group>"; };
		830B5BFA22F353C8002FCC24 /* Key.h */ = {isa = PBXFileReference; lastKnownFileType = sourcecode.c.h; path = Key.h; sourceTree = "<group>"; };
		830B5C5222F4B10A002FCC24 /* EditViewController.h */ = {isa = PBXFileReference; lastKnownFileType = sourcecode.c.h; path = EditViewController.h; sourceTree = "<group>"; };
		830B5C5322F4B10A002FCC24 /* EditViewController.m */ = {isa = PBXFileReference; lastKnownFileType = sourcecode.c.objc; path = EditViewController.m; sourceTree = "<group>"; };
		830B5C5422F4B10A002FCC24 /* EditViewController.xib */ = {isa = PBXFileReference; lastKnownFileType = file.xib; path = EditViewController.xib; sourceTree = "<group>"; };
		83657DDD22E24824002EB6A8 /* LogViewController.h */ = {isa = PBXFileReference; lastKnownFileType = sourcecode.c.h; path = LogViewController.h; sourceTree = "<group>"; };
		83657DDE22E24824002EB6A8 /* LogViewController.m */ = {isa = PBXFileReference; lastKnownFileType = sourcecode.c.objc; path = LogViewController.m; sourceTree = "<group>"; };
		83657DDF22E24824002EB6A8 /* LogViewController.xib */ = {isa = PBXFileReference; lastKnownFileType = file.xib; path = LogViewController.xib; sourceTree = "<group>"; };
		83657DEB22E67606002EB6A8 /* RegisterViewController.h */ = {isa = PBXFileReference; lastKnownFileType = sourcecode.c.h; path = RegisterViewController.h; sourceTree = "<group>"; };
		83657DEC22E67606002EB6A8 /* RegisterViewController.m */ = {isa = PBXFileReference; lastKnownFileType = sourcecode.c.objc; path = RegisterViewController.m; sourceTree = "<group>"; };
		83657DED22E67606002EB6A8 /* RegisterViewController.xib */ = {isa = PBXFileReference; lastKnownFileType = file.xib; path = RegisterViewController.xib; sourceTree = "<group>"; };
		83E6B27222E137AF0045B437 /* Post.m */ = {isa = PBXFileReference; lastKnownFileType = sourcecode.c.objc; path = Post.m; sourceTree = "<group>"; };
		83E6B27522E234C10045B437 /* ProfileViewController.h */ = {isa = PBXFileReference; lastKnownFileType = sourcecode.c.h; path = ProfileViewController.h; sourceTree = "<group>"; };
		83E6B27622E234C10045B437 /* ProfileViewController.m */ = {isa = PBXFileReference; lastKnownFileType = sourcecode.c.objc; path = ProfileViewController.m; sourceTree = "<group>"; };
		83E6B27722E234C10045B437 /* ProfileViewController.xib */ = {isa = PBXFileReference; lastKnownFileType = file.xib; path = ProfileViewController.xib; sourceTree = "<group>"; };
		A419822522EBBC4300791E06 /* PillCell.xib */ = {isa = PBXFileReference; fileEncoding = 4; lastKnownFileType = file.xib; path = PillCell.xib; sourceTree = "<group>"; };
		A419822622EBBC4300791E06 /* CategoryHeaderView.h */ = {isa = PBXFileReference; fileEncoding = 4; lastKnownFileType = sourcecode.c.h; path = CategoryHeaderView.h; sourceTree = "<group>"; };
		A419822722EBBC4300791E06 /* CategoryHeaderView.xib */ = {isa = PBXFileReference; fileEncoding = 4; lastKnownFileType = file.xib; path = CategoryHeaderView.xib; sourceTree = "<group>"; };
		A419822822EBBC4300791E06 /* CategoryHeaderView.m */ = {isa = PBXFileReference; fileEncoding = 4; lastKnownFileType = sourcecode.c.objc; path = CategoryHeaderView.m; sourceTree = "<group>"; };
		A419822922EBBC4300791E06 /* PillCell.h */ = {isa = PBXFileReference; fileEncoding = 4; lastKnownFileType = sourcecode.c.h; path = PillCell.h; sourceTree = "<group>"; };
		A419822A22EBBC4300791E06 /* PillCell.m */ = {isa = PBXFileReference; fileEncoding = 4; lastKnownFileType = sourcecode.c.objc; path = PillCell.m; sourceTree = "<group>"; };
		A419822F22EF5C2700791E06 /* EventCategory.h */ = {isa = PBXFileReference; lastKnownFileType = sourcecode.c.h; path = EventCategory.h; sourceTree = "<group>"; };
		A419823022EF5C2700791E06 /* EventCategory.m */ = {isa = PBXFileReference; lastKnownFileType = sourcecode.c.objc; path = EventCategory.m; sourceTree = "<group>"; };
		A419823222EF675000791E06 /* UIColor+Helpers.h */ = {isa = PBXFileReference; lastKnownFileType = sourcecode.c.h; path = "UIColor+Helpers.h"; sourceTree = "<group>"; };
		A419823322EF675000791E06 /* UIColor+Helpers.m */ = {isa = PBXFileReference; lastKnownFileType = sourcecode.c.objc; path = "UIColor+Helpers.m"; sourceTree = "<group>"; };
		A419823A22EF95B700791E06 /* PostTableView.h */ = {isa = PBXFileReference; lastKnownFileType = sourcecode.c.h; path = PostTableView.h; sourceTree = "<group>"; };
		A419823B22EF95B700791E06 /* PostTableView.m */ = {isa = PBXFileReference; lastKnownFileType = sourcecode.c.objc; path = PostTableView.m; sourceTree = "<group>"; };
		A419823D22EFB05900791E06 /* Favorite.h */ = {isa = PBXFileReference; lastKnownFileType = sourcecode.c.h; path = Favorite.h; sourceTree = "<group>"; };
		A419823E22EFB05900791E06 /* Favorite.m */ = {isa = PBXFileReference; lastKnownFileType = sourcecode.c.objc; path = Favorite.m; sourceTree = "<group>"; };
		A456BCBA22F1FA7F008C4E3B /* Key.h */ = {isa = PBXFileReference; lastKnownFileType = sourcecode.c.h; path = Key.h; sourceTree = "<group>"; };
		A456BCBB22F204D2008C4E3B /* FilterViewController.h */ = {isa = PBXFileReference; lastKnownFileType = sourcecode.c.h; path = FilterViewController.h; sourceTree = "<group>"; };
		A456BCBC22F204D2008C4E3B /* FilterViewController.m */ = {isa = PBXFileReference; lastKnownFileType = sourcecode.c.objc; path = FilterViewController.m; sourceTree = "<group>"; };
		A456BCBD22F204D2008C4E3B /* FilterViewController.xib */ = {isa = PBXFileReference; lastKnownFileType = file.xib; path = FilterViewController.xib; sourceTree = "<group>"; };
		A456BCC022F24317008C4E3B /* PFGeoPoint+Helpers.h */ = {isa = PBXFileReference; lastKnownFileType = sourcecode.c.h; path = "PFGeoPoint+Helpers.h"; sourceTree = "<group>"; };
		A456BCC122F24317008C4E3B /* PFGeoPoint+Helpers.m */ = {isa = PBXFileReference; lastKnownFileType = sourcecode.c.objc; path = "PFGeoPoint+Helpers.m"; sourceTree = "<group>"; };
		A456BCC322F24829008C4E3B /* NSDate+Helpers.h */ = {isa = PBXFileReference; lastKnownFileType = sourcecode.c.h; path = "NSDate+Helpers.h"; sourceTree = "<group>"; };
		A456BCC422F24829008C4E3B /* NSDate+Helpers.m */ = {isa = PBXFileReference; lastKnownFileType = sourcecode.c.objc; path = "NSDate+Helpers.m"; sourceTree = "<group>"; };
		A456BCC622F24AE2008C4E3B /* PFFileObject+Helpers.h */ = {isa = PBXFileReference; lastKnownFileType = sourcecode.c.h; path = "PFFileObject+Helpers.h"; sourceTree = "<group>"; };
		A456BCC722F24AE2008C4E3B /* PFFileObject+Helpers.m */ = {isa = PBXFileReference; lastKnownFileType = sourcecode.c.objc; path = "PFFileObject+Helpers.m"; sourceTree = "<group>"; };
		A496A59222E24C9B00F9E81A /* HomeViewController.h */ = {isa = PBXFileReference; lastKnownFileType = sourcecode.c.h; path = HomeViewController.h; sourceTree = "<group>"; };
		A496A59322E24C9B00F9E81A /* HomeViewController.m */ = {isa = PBXFileReference; lastKnownFileType = sourcecode.c.objc; path = HomeViewController.m; sourceTree = "<group>"; };
		A496A59422E24C9B00F9E81A /* HomeViewController.xib */ = {isa = PBXFileReference; lastKnownFileType = file.xib; path = HomeViewController.xib; sourceTree = "<group>"; };
		A496A5A022E25CF800F9E81A /* PostCell.h */ = {isa = PBXFileReference; lastKnownFileType = sourcecode.c.h; path = PostCell.h; sourceTree = "<group>"; };
		A496A5A122E25CF800F9E81A /* PostCell.m */ = {isa = PBXFileReference; lastKnownFileType = sourcecode.c.objc; path = PostCell.m; sourceTree = "<group>"; };
		A496A5A222E25CF800F9E81A /* PostCell.xib */ = {isa = PBXFileReference; lastKnownFileType = file.xib; path = PostCell.xib; sourceTree = "<group>"; };
		A4B6283A22E7C43C00248F45 /* CoreLocation.framework */ = {isa = PBXFileReference; lastKnownFileType = wrapper.framework; name = CoreLocation.framework; path = System/Library/Frameworks/CoreLocation.framework; sourceTree = SDKROOT; };
		FC76A9E39E04C6D89AFC7E1E /* Pods_fbuapp.framework */ = {isa = PBXFileReference; explicitFileType = wrapper.framework; includeInIndex = 0; path = Pods_fbuapp.framework; sourceTree = BUILT_PRODUCTS_DIR; };
/* End PBXFileReference section */

/* Begin PBXFrameworksBuildPhase section */
		3827E2BE22DE98F8008B8FA0 /* Frameworks */ = {
			isa = PBXFrameworksBuildPhase;
			buildActionMask = 2147483647;
			files = (
				A4B6283B22E7C43C00248F45 /* CoreLocation.framework in Frameworks */,
				3827E30622E29935008B8FA0 /* CoreLocation.framework in Frameworks */,
				63621F569495DE61AF213B2D /* Pods_fbuapp.framework in Frameworks */,
			);
			runOnlyForDeploymentPostprocessing = 0;
		};
		3827E2D622DE98F9008B8FA0 /* Frameworks */ = {
			isa = PBXFrameworksBuildPhase;
			buildActionMask = 2147483647;
			files = (
			);
			runOnlyForDeploymentPostprocessing = 0;
		};
		3827E2E122DE98F9008B8FA0 /* Frameworks */ = {
			isa = PBXFrameworksBuildPhase;
			buildActionMask = 2147483647;
			files = (
			);
			runOnlyForDeploymentPostprocessing = 0;
		};
/* End PBXFrameworksBuildPhase section */

/* Begin PBXGroup section */
		0C01F9F022EA79E8009D4947 /* Recovered References */ = {
			isa = PBXGroup;
			children = (
				83E6B27222E137AF0045B437 /* Post.m */,
			);
			name = "Recovered References";
			sourceTree = "<group>";
		};
		272BC2E3337D227D2928A536 /* Frameworks */ = {
			isa = PBXGroup;
			children = (
				A4B6283A22E7C43C00248F45 /* CoreLocation.framework */,
				3827E30522E29935008B8FA0 /* CoreLocation.framework */,
				FC76A9E39E04C6D89AFC7E1E /* Pods_fbuapp.framework */,
			);
			name = Frameworks;
			sourceTree = "<group>";
		};
		3827E2B822DE98F8008B8FA0 = {
			isa = PBXGroup;
			children = (
				3827E2C322DE98F8008B8FA0 /* fbuapp */,
				3827E2DC22DE98F9008B8FA0 /* fbuappTests */,
				3827E2E722DE98F9008B8FA0 /* fbuappUITests */,
				3827E2C222DE98F8008B8FA0 /* Products */,
				8CC2BE370E6A87BF5D0A1951 /* Pods */,
				272BC2E3337D227D2928A536 /* Frameworks */,
				0C01F9F022EA79E8009D4947 /* Recovered References */,
			);
			sourceTree = "<group>";
		};
		3827E2C222DE98F8008B8FA0 /* Products */ = {
			isa = PBXGroup;
			children = (
				3827E2C122DE98F8008B8FA0 /* fbuapp.app */,
				3827E2D922DE98F9008B8FA0 /* fbuappTests.xctest */,
				3827E2E422DE98F9008B8FA0 /* fbuappUITests.xctest */,
			);
			name = Products;
			sourceTree = "<group>";
		};
		3827E2C322DE98F8008B8FA0 /* fbuapp */ = {
			isa = PBXGroup;
			children = (
				A496A59722E24F9E00F9E81A /* Views */,
				3827E30722E7C09F008B8FA0 /* Helpers */,
				83E6B27422E148E40045B437 /* View Controllers */,
				83E6B27022E136FD0045B437 /* Models */,
				3827E2C422DE98F8008B8FA0 /* AppDelegate.h */,
				3827E2C522DE98F8008B8FA0 /* AppDelegate.m */,
				3898B17C22F10B6B0022B219 /* Key.h */,
				3827E2CA22DE98F8008B8FA0 /* Main.storyboard */,
				3827E2CD22DE98F9008B8FA0 /* Assets.xcassets */,
				3827E2CF22DE98F9008B8FA0 /* LaunchScreen.storyboard */,
				3827E2D222DE98F9008B8FA0 /* Info.plist */,
				3827E2D322DE98F9008B8FA0 /* main.m */,
				830B5BFA22F353C8002FCC24 /* Key.h */,
				A456BCBA22F1FA7F008C4E3B /* Key.h */,
			);
			path = fbuapp;
			sourceTree = "<group>";
		};
		3827E2DC22DE98F9008B8FA0 /* fbuappTests */ = {
			isa = PBXGroup;
			children = (
				3827E2DD22DE98F9008B8FA0 /* fbuappTests.m */,
				3827E2DF22DE98F9008B8FA0 /* Info.plist */,
			);
			path = fbuappTests;
			sourceTree = "<group>";
		};
		3827E2E722DE98F9008B8FA0 /* fbuappUITests */ = {
			isa = PBXGroup;
			children = (
				3827E2E822DE98F9008B8FA0 /* fbuappUITests.m */,
				3827E2EA22DE98F9008B8FA0 /* Info.plist */,
			);
			path = fbuappUITests;
			sourceTree = "<group>";
		};
		3827E30722E7C09F008B8FA0 /* Helpers */ = {
			isa = PBXGroup;
			children = (
				38FBA5B022EA1DEA002C1114 /* Utils.h */,
				38FBA5B122EA1DEA002C1114 /* Utils.m */,
				3898B13F22EB6DB70022B219 /* UIViewController+Alerts.h */,
				3898B14022EB6DB70022B219 /* UIViewController+Alerts.m */,
				A419823222EF675000791E06 /* UIColor+Helpers.h */,
				A419823322EF675000791E06 /* UIColor+Helpers.m */,
				A456BCC022F24317008C4E3B /* PFGeoPoint+Helpers.h */,
				A456BCC122F24317008C4E3B /* PFGeoPoint+Helpers.m */,
				A456BCC322F24829008C4E3B /* NSDate+Helpers.h */,
				A456BCC422F24829008C4E3B /* NSDate+Helpers.m */,
				A456BCC622F24AE2008C4E3B /* PFFileObject+Helpers.h */,
				A456BCC722F24AE2008C4E3B /* PFFileObject+Helpers.m */,
			);
			path = Helpers;
			sourceTree = "<group>";
		};
		3898B15822F0EBB50022B219 /* DetailCells */ = {
			isa = PBXGroup;
			children = (
				3898B16D22F0EFA60022B219 /* ImageCell.h */,
				3898B16E22F0EFA60022B219 /* ImageCell.m */,
				3898B16F22F0EFA60022B219 /* ImageCell.xib */,
				3898B15922F0EC1F0022B219 /* TitleCell.h */,
				3898B15A22F0EC1F0022B219 /* TitleCell.m */,
				3898B15B22F0EC1F0022B219 /* TitleCell.xib */,
				3898B15E22F0EE980022B219 /* DescriptionCell.h */,
				3898B15F22F0EE980022B219 /* DescriptionCell.m */,
				3898B16022F0EE980022B219 /* DescriptionCell.xib */,
				3898B16322F0EEAB0022B219 /* LocationCell.h */,
				3898B16422F0EEAB0022B219 /* LocationCell.m */,
				3898B16522F0EEAB0022B219 /* LocationCell.xib */,
				3898B16822F0EEC10022B219 /* AuthorCell.h */,
				3898B16922F0EEC10022B219 /* AuthorCell.m */,
				3898B16A22F0EEC10022B219 /* AuthorCell.xib */,
				3898B17222F0EFC50022B219 /* CategoryCell.h */,
				3898B17322F0EFC50022B219 /* CategoryCell.m */,
				3898B17422F0EFC50022B219 /* CategoryCell.xib */,
			);
			path = DetailCells;
			sourceTree = "<group>";
		};
		83E6B27022E136FD0045B437 /* Models */ = {
			isa = PBXGroup;
			children = (
				0C01F9F122EA7A90009D4947 /* Post.h */,
				0C01F9F222EA7A90009D4947 /* Post.m */,
				A419822F22EF5C2700791E06 /* EventCategory.h */,
				A419823022EF5C2700791E06 /* EventCategory.m */,
				A419823D22EFB05900791E06 /* Favorite.h */,
				A419823E22EFB05900791E06 /* Favorite.m */,
			);
			path = Models;
			sourceTree = "<group>";
		};
		83E6B27422E148E40045B437 /* View Controllers */ = {
			isa = PBXGroup;
			children = (
				A496A59222E24C9B00F9E81A /* HomeViewController.h */,
				A496A59322E24C9B00F9E81A /* HomeViewController.m */,
				A496A59422E24C9B00F9E81A /* HomeViewController.xib */,
				A456BCBB22F204D2008C4E3B /* FilterViewController.h */,
				A456BCBC22F204D2008C4E3B /* FilterViewController.m */,
				A456BCBD22F204D2008C4E3B /* FilterViewController.xib */,
				3827E30022E236BC008B8FA0 /* CreatePostViewController.h */,
				3827E30122E236BC008B8FA0 /* CreatePostViewController.m */,
				3827E30222E236BC008B8FA0 /* CreatePostViewController.xib */,
				38FBA5A322E8E026002C1114 /* EnterLocationViewController.h */,
				38FBA5A422E8E026002C1114 /* EnterLocationViewController.m */,
				38FBA5A522E8E026002C1114 /* EnterLocationViewController.xib */,
				83657DDD22E24824002EB6A8 /* LogViewController.h */,
				83657DDE22E24824002EB6A8 /* LogViewController.m */,
				83657DDF22E24824002EB6A8 /* LogViewController.xib */,
				83657DEB22E67606002EB6A8 /* RegisterViewController.h */,
				83657DEC22E67606002EB6A8 /* RegisterViewController.m */,
				83657DED22E67606002EB6A8 /* RegisterViewController.xib */,
				83E6B27522E234C10045B437 /* ProfileViewController.h */,
				83E6B27622E234C10045B437 /* ProfileViewController.m */,
				83E6B27722E234C10045B437 /* ProfileViewController.xib */,
				3898B17D22F210E70022B219 /* DetailsViewController.h */,
				3898B17E22F210E70022B219 /* DetailsViewController.m */,
				3898B17F22F210E70022B219 /* DetailsViewController.xib */,
				830B5C5222F4B10A002FCC24 /* EditViewController.h */,
				830B5C5322F4B10A002FCC24 /* EditViewController.m */,
				830B5C5422F4B10A002FCC24 /* EditViewController.xib */,
			);
			path = "View Controllers";
			sourceTree = "<group>";
		};
		8CC2BE370E6A87BF5D0A1951 /* Pods */ = {
			isa = PBXGroup;
			children = (
				7E043F0558EB857B2995A1E8 /* Pods-fbuapp.debug.xcconfig */,
				1947DF620A93CF45116F0D82 /* Pods-fbuapp.release.xcconfig */,
			);
			path = Pods;
			sourceTree = "<group>";
		};
		A496A59722E24F9E00F9E81A /* Views */ = {
			isa = PBXGroup;
			children = (
				3898B15822F0EBB50022B219 /* DetailCells */,
				A419823A22EF95B700791E06 /* PostTableView.h */,
				A419823B22EF95B700791E06 /* PostTableView.m */,
				A496A5A022E25CF800F9E81A /* PostCell.h */,
				A496A5A122E25CF800F9E81A /* PostCell.m */,
				A496A5A222E25CF800F9E81A /* PostCell.xib */,
				A419822622EBBC4300791E06 /* CategoryHeaderView.h */,
				A419822822EBBC4300791E06 /* CategoryHeaderView.m */,
				A419822722EBBC4300791E06 /* CategoryHeaderView.xib */,
				A419822922EBBC4300791E06 /* PillCell.h */,
				A419822A22EBBC4300791E06 /* PillCell.m */,
				A419822522EBBC4300791E06 /* PillCell.xib */,
			);
			path = Views;
			sourceTree = "<group>";
		};
/* End PBXGroup section */

/* Begin PBXNativeTarget section */
		3827E2C022DE98F8008B8FA0 /* fbuapp */ = {
			isa = PBXNativeTarget;
			buildConfigurationList = 3827E2ED22DE98F9008B8FA0 /* Build configuration list for PBXNativeTarget "fbuapp" */;
			buildPhases = (
				7BE1F236FBFA3A52E34568BD /* [CP] Check Pods Manifest.lock */,
				3827E2BD22DE98F8008B8FA0 /* Sources */,
				3827E2BE22DE98F8008B8FA0 /* Frameworks */,
				3827E2BF22DE98F8008B8FA0 /* Resources */,
				DFAADF32AD4602D4C0C25FD5 /* [CP] Embed Pods Frameworks */,
				83E53DE2FEE1BCF74CF23F06 /* [CP] Copy Pods Resources */,
			);
			buildRules = (
			);
			dependencies = (
			);
			name = fbuapp;
			productName = fbuapp;
			productReference = 3827E2C122DE98F8008B8FA0 /* fbuapp.app */;
			productType = "com.apple.product-type.application";
		};
		3827E2D822DE98F9008B8FA0 /* fbuappTests */ = {
			isa = PBXNativeTarget;
			buildConfigurationList = 3827E2F022DE98F9008B8FA0 /* Build configuration list for PBXNativeTarget "fbuappTests" */;
			buildPhases = (
				3827E2D522DE98F9008B8FA0 /* Sources */,
				3827E2D622DE98F9008B8FA0 /* Frameworks */,
				3827E2D722DE98F9008B8FA0 /* Resources */,
			);
			buildRules = (
			);
			dependencies = (
				3827E2DB22DE98F9008B8FA0 /* PBXTargetDependency */,
			);
			name = fbuappTests;
			productName = fbuappTests;
			productReference = 3827E2D922DE98F9008B8FA0 /* fbuappTests.xctest */;
			productType = "com.apple.product-type.bundle.unit-test";
		};
		3827E2E322DE98F9008B8FA0 /* fbuappUITests */ = {
			isa = PBXNativeTarget;
			buildConfigurationList = 3827E2F322DE98F9008B8FA0 /* Build configuration list for PBXNativeTarget "fbuappUITests" */;
			buildPhases = (
				3827E2E022DE98F9008B8FA0 /* Sources */,
				3827E2E122DE98F9008B8FA0 /* Frameworks */,
				3827E2E222DE98F9008B8FA0 /* Resources */,
			);
			buildRules = (
			);
			dependencies = (
				3827E2E622DE98F9008B8FA0 /* PBXTargetDependency */,
			);
			name = fbuappUITests;
			productName = fbuappUITests;
			productReference = 3827E2E422DE98F9008B8FA0 /* fbuappUITests.xctest */;
			productType = "com.apple.product-type.bundle.ui-testing";
		};
/* End PBXNativeTarget section */

/* Begin PBXProject section */
		3827E2B922DE98F8008B8FA0 /* Project object */ = {
			isa = PBXProject;
			attributes = {
				LastUpgradeCheck = 1020;
				ORGANIZATIONNAME = eazheng;
				TargetAttributes = {
					3827E2C022DE98F8008B8FA0 = {
						CreatedOnToolsVersion = 10.2.1;
					};
					3827E2D822DE98F9008B8FA0 = {
						CreatedOnToolsVersion = 10.2.1;
						TestTargetID = 3827E2C022DE98F8008B8FA0;
					};
					3827E2E322DE98F9008B8FA0 = {
						CreatedOnToolsVersion = 10.2.1;
						TestTargetID = 3827E2C022DE98F8008B8FA0;
					};
				};
			};
			buildConfigurationList = 3827E2BC22DE98F8008B8FA0 /* Build configuration list for PBXProject "fbuapp" */;
			compatibilityVersion = "Xcode 9.3";
			developmentRegion = en;
			hasScannedForEncodings = 0;
			knownRegions = (
				en,
				Base,
			);
			mainGroup = 3827E2B822DE98F8008B8FA0;
			productRefGroup = 3827E2C222DE98F8008B8FA0 /* Products */;
			projectDirPath = "";
			projectRoot = "";
			targets = (
				3827E2C022DE98F8008B8FA0 /* fbuapp */,
				3827E2D822DE98F9008B8FA0 /* fbuappTests */,
				3827E2E322DE98F9008B8FA0 /* fbuappUITests */,
			);
		};
/* End PBXProject section */

/* Begin PBXResourcesBuildPhase section */
		3827E2BF22DE98F8008B8FA0 /* Resources */ = {
			isa = PBXResourcesBuildPhase;
			buildActionMask = 2147483647;
			files = (
				3898B15D22F0EC1F0022B219 /* TitleCell.xib in Resources */,
				3898B17622F0EFC50022B219 /* CategoryCell.xib in Resources */,
				3827E2D122DE98F9008B8FA0 /* LaunchScreen.storyboard in Resources */,
				A419822B22EBBC4300791E06 /* PillCell.xib in Resources */,
				3827E2CE22DE98F9008B8FA0 /* Assets.xcassets in Resources */,
				A496A5A422E25CF800F9E81A /* PostCell.xib in Resources */,
				3898B16722F0EEAB0022B219 /* LocationCell.xib in Resources */,
				3827E2CC22DE98F8008B8FA0 /* Main.storyboard in Resources */,
				A496A59622E24C9B00F9E81A /* HomeViewController.xib in Resources */,
				3827E30422E236BC008B8FA0 /* CreatePostViewController.xib in Resources */,
				830B5C5622F4B10A002FCC24 /* EditViewController.xib in Resources */,
				38FBA5A722E8E026002C1114 /* EnterLocationViewController.xib in Resources */,
				A419822C22EBBC4300791E06 /* CategoryHeaderView.xib in Resources */,
				3898B16222F0EE980022B219 /* DescriptionCell.xib in Resources */,
				3898B17122F0EFA60022B219 /* ImageCell.xib in Resources */,
				3898B18122F210E70022B219 /* DetailsViewController.xib in Resources */,
				83657DE122E24824002EB6A8 /* LogViewController.xib in Resources */,
				83E6B27922E234C10045B437 /* ProfileViewController.xib in Resources */,
				3827E2CC22DE98F8008B8FA0 /* Main.storyboard in Resources */,
				83657DEF22E67606002EB6A8 /* RegisterViewController.xib in Resources */,
				3898B16C22F0EEC10022B219 /* AuthorCell.xib in Resources */,
				A456BCBF22F204D2008C4E3B /* FilterViewController.xib in Resources */,
			);
			runOnlyForDeploymentPostprocessing = 0;
		};
		3827E2D722DE98F9008B8FA0 /* Resources */ = {
			isa = PBXResourcesBuildPhase;
			buildActionMask = 2147483647;
			files = (
			);
			runOnlyForDeploymentPostprocessing = 0;
		};
		3827E2E222DE98F9008B8FA0 /* Resources */ = {
			isa = PBXResourcesBuildPhase;
			buildActionMask = 2147483647;
			files = (
			);
			runOnlyForDeploymentPostprocessing = 0;
		};
/* End PBXResourcesBuildPhase section */

/* Begin PBXShellScriptBuildPhase section */
		7BE1F236FBFA3A52E34568BD /* [CP] Check Pods Manifest.lock */ = {
			isa = PBXShellScriptBuildPhase;
			buildActionMask = 2147483647;
			files = (
			);
			inputFileListPaths = (
			);
			inputPaths = (
				"${PODS_PODFILE_DIR_PATH}/Podfile.lock",
				"${PODS_ROOT}/Manifest.lock",
			);
			name = "[CP] Check Pods Manifest.lock";
			outputFileListPaths = (
			);
			outputPaths = (
				"$(DERIVED_FILE_DIR)/Pods-fbuapp-checkManifestLockResult.txt",
			);
			runOnlyForDeploymentPostprocessing = 0;
			shellPath = /bin/sh;
			shellScript = "diff \"${PODS_PODFILE_DIR_PATH}/Podfile.lock\" \"${PODS_ROOT}/Manifest.lock\" > /dev/null\nif [ $? != 0 ] ; then\n    # print error to STDERR\n    echo \"error: The sandbox is not in sync with the Podfile.lock. Run 'pod install' or update your CocoaPods installation.\" >&2\n    exit 1\nfi\n# This output is used by Xcode 'outputs' to avoid re-running this script phase.\necho \"SUCCESS\" > \"${SCRIPT_OUTPUT_FILE_0}\"\n";
			showEnvVarsInLog = 0;
		};
		83E53DE2FEE1BCF74CF23F06 /* [CP] Copy Pods Resources */ = {
			isa = PBXShellScriptBuildPhase;
			buildActionMask = 2147483647;
			files = (
			);
			inputFileListPaths = (
				"${PODS_ROOT}/Target Support Files/Pods-fbuapp/Pods-fbuapp-resources-${CONFIGURATION}-input-files.xcfilelist",
			);
			name = "[CP] Copy Pods Resources";
			outputFileListPaths = (
				"${PODS_ROOT}/Target Support Files/Pods-fbuapp/Pods-fbuapp-resources-${CONFIGURATION}-output-files.xcfilelist",
			);
			runOnlyForDeploymentPostprocessing = 0;
			shellPath = /bin/sh;
			shellScript = "\"${PODS_ROOT}/Target Support Files/Pods-fbuapp/Pods-fbuapp-resources.sh\"\n";
			showEnvVarsInLog = 0;
		};
		DFAADF32AD4602D4C0C25FD5 /* [CP] Embed Pods Frameworks */ = {
			isa = PBXShellScriptBuildPhase;
			buildActionMask = 2147483647;
			files = (
			);
			inputFileListPaths = (
				"${PODS_ROOT}/Target Support Files/Pods-fbuapp/Pods-fbuapp-frameworks-${CONFIGURATION}-input-files.xcfilelist",
			);
			name = "[CP] Embed Pods Frameworks";
			outputFileListPaths = (
				"${PODS_ROOT}/Target Support Files/Pods-fbuapp/Pods-fbuapp-frameworks-${CONFIGURATION}-output-files.xcfilelist",
			);
			runOnlyForDeploymentPostprocessing = 0;
			shellPath = /bin/sh;
			shellScript = "\"${PODS_ROOT}/Target Support Files/Pods-fbuapp/Pods-fbuapp-frameworks.sh\"\n";
			showEnvVarsInLog = 0;
		};
/* End PBXShellScriptBuildPhase section */

/* Begin PBXSourcesBuildPhase section */
		3827E2BD22DE98F8008B8FA0 /* Sources */ = {
			isa = PBXSourcesBuildPhase;
			buildActionMask = 2147483647;
			files = (
				A419823F22EFB05900791E06 /* Favorite.m in Sources */,
				A419822D22EBBC4300791E06 /* CategoryHeaderView.m in Sources */,
				A419823122EF5C2700791E06 /* EventCategory.m in Sources */,
				3827E30322E236BC008B8FA0 /* CreatePostViewController.m in Sources */,
				38FBA5B222EA1DEA002C1114 /* Utils.m in Sources */,
				3898B17522F0EFC50022B219 /* CategoryCell.m in Sources */,
				A456BCC822F24AE2008C4E3B /* PFFileObject+Helpers.m in Sources */,
				3827E30322E236BC008B8FA0 /* CreatePostViewController.m in Sources */,
				830B5C5522F4B10A002FCC24 /* EditViewController.m in Sources */,
				38FBA5B222EA1DEA002C1114 /* Utils.m in Sources */,
				A456BCC222F24317008C4E3B /* PFGeoPoint+Helpers.m in Sources */,
				38FBA5A622E8E026002C1114 /* EnterLocationViewController.m in Sources */,
				3827E2D422DE98F9008B8FA0 /* main.m in Sources */,
				3827E2C622DE98F8008B8FA0 /* AppDelegate.m in Sources */,
				3898B14122EB6DB70022B219 /* UIViewController+Alerts.m in Sources */,
				0C01F9F322EA7A90009D4947 /* Post.m in Sources */,
				A496A59522E24C9B00F9E81A /* HomeViewController.m in Sources */,
				A496A5A322E25CF800F9E81A /* PostCell.m in Sources */,
				A419823C22EF95B700791E06 /* PostTableView.m in Sources */,
				A456BCBE22F204D2008C4E3B /* FilterViewController.m in Sources */,
				A456BCC522F24829008C4E3B /* NSDate+Helpers.m in Sources */,
				83657DEE22E67606002EB6A8 /* RegisterViewController.m in Sources */,
				A419822E22EBBC4300791E06 /* PillCell.m in Sources */,
				3898B17022F0EFA60022B219 /* ImageCell.m in Sources */,
				3898B16622F0EEAB0022B219 /* LocationCell.m in Sources */,
				83E6B27822E234C10045B437 /* ProfileViewController.m in Sources */,
				3898B16B22F0EEC10022B219 /* AuthorCell.m in Sources */,
				83657DE022E24824002EB6A8 /* LogViewController.m in Sources */,
				3898B15C22F0EC1F0022B219 /* TitleCell.m in Sources */,
				3898B18022F210E70022B219 /* DetailsViewController.m in Sources */,
				3898B16122F0EE980022B219 /* DescriptionCell.m in Sources */,
				A419823422EF675000791E06 /* UIColor+Helpers.m in Sources */,
			);
			runOnlyForDeploymentPostprocessing = 0;
		};
		3827E2D522DE98F9008B8FA0 /* Sources */ = {
			isa = PBXSourcesBuildPhase;
			buildActionMask = 2147483647;
			files = (
				3827E2DE22DE98F9008B8FA0 /* fbuappTests.m in Sources */,
			);
			runOnlyForDeploymentPostprocessing = 0;
		};
		3827E2E022DE98F9008B8FA0 /* Sources */ = {
			isa = PBXSourcesBuildPhase;
			buildActionMask = 2147483647;
			files = (
				3827E2E922DE98F9008B8FA0 /* fbuappUITests.m in Sources */,
			);
			runOnlyForDeploymentPostprocessing = 0;
		};
/* End PBXSourcesBuildPhase section */

/* Begin PBXTargetDependency section */
		3827E2DB22DE98F9008B8FA0 /* PBXTargetDependency */ = {
			isa = PBXTargetDependency;
			target = 3827E2C022DE98F8008B8FA0 /* fbuapp */;
			targetProxy = 3827E2DA22DE98F9008B8FA0 /* PBXContainerItemProxy */;
		};
		3827E2E622DE98F9008B8FA0 /* PBXTargetDependency */ = {
			isa = PBXTargetDependency;
			target = 3827E2C022DE98F8008B8FA0 /* fbuapp */;
			targetProxy = 3827E2E522DE98F9008B8FA0 /* PBXContainerItemProxy */;
		};
/* End PBXTargetDependency section */

/* Begin PBXVariantGroup section */
		3827E2CA22DE98F8008B8FA0 /* Main.storyboard */ = {
			isa = PBXVariantGroup;
			children = (
				3827E2CB22DE98F8008B8FA0 /* Base */,
			);
			name = Main.storyboard;
			sourceTree = "<group>";
		};
		3827E2CF22DE98F9008B8FA0 /* LaunchScreen.storyboard */ = {
			isa = PBXVariantGroup;
			children = (
				3827E2D022DE98F9008B8FA0 /* Base */,
			);
			name = LaunchScreen.storyboard;
			sourceTree = "<group>";
		};
/* End PBXVariantGroup section */

/* Begin XCBuildConfiguration section */
		3827E2EB22DE98F9008B8FA0 /* Debug */ = {
			isa = XCBuildConfiguration;
			buildSettings = {
				ALWAYS_SEARCH_USER_PATHS = NO;
				CLANG_ANALYZER_NONNULL = YES;
				CLANG_ANALYZER_NUMBER_OBJECT_CONVERSION = YES_AGGRESSIVE;
				CLANG_CXX_LANGUAGE_STANDARD = "gnu++14";
				CLANG_CXX_LIBRARY = "libc++";
				CLANG_ENABLE_MODULES = YES;
				CLANG_ENABLE_OBJC_ARC = YES;
				CLANG_ENABLE_OBJC_WEAK = YES;
				CLANG_WARN_BLOCK_CAPTURE_AUTORELEASING = YES;
				CLANG_WARN_BOOL_CONVERSION = YES;
				CLANG_WARN_COMMA = YES;
				CLANG_WARN_CONSTANT_CONVERSION = YES;
				CLANG_WARN_DEPRECATED_OBJC_IMPLEMENTATIONS = YES;
				CLANG_WARN_DIRECT_OBJC_ISA_USAGE = YES_ERROR;
				CLANG_WARN_DOCUMENTATION_COMMENTS = YES;
				CLANG_WARN_EMPTY_BODY = YES;
				CLANG_WARN_ENUM_CONVERSION = YES;
				CLANG_WARN_INFINITE_RECURSION = YES;
				CLANG_WARN_INT_CONVERSION = YES;
				CLANG_WARN_NON_LITERAL_NULL_CONVERSION = YES;
				CLANG_WARN_OBJC_IMPLICIT_RETAIN_SELF = YES;
				CLANG_WARN_OBJC_LITERAL_CONVERSION = YES;
				CLANG_WARN_OBJC_ROOT_CLASS = YES_ERROR;
				CLANG_WARN_RANGE_LOOP_ANALYSIS = YES;
				CLANG_WARN_STRICT_PROTOTYPES = YES;
				CLANG_WARN_SUSPICIOUS_MOVE = YES;
				CLANG_WARN_UNGUARDED_AVAILABILITY = YES_AGGRESSIVE;
				CLANG_WARN_UNREACHABLE_CODE = YES;
				CLANG_WARN__DUPLICATE_METHOD_MATCH = YES;
				CODE_SIGN_IDENTITY = "iPhone Developer";
				COPY_PHASE_STRIP = NO;
				DEBUG_INFORMATION_FORMAT = dwarf;
				ENABLE_BITCODE = NO;
				ENABLE_STRICT_OBJC_MSGSEND = YES;
				ENABLE_TESTABILITY = YES;
				GCC_C_LANGUAGE_STANDARD = gnu11;
				GCC_DYNAMIC_NO_PIC = NO;
				GCC_NO_COMMON_BLOCKS = YES;
				GCC_OPTIMIZATION_LEVEL = 0;
				GCC_PREPROCESSOR_DEFINITIONS = (
					"DEBUG=1",
					"$(inherited)",
				);
				GCC_WARN_64_TO_32_BIT_CONVERSION = YES;
				GCC_WARN_ABOUT_RETURN_TYPE = YES_ERROR;
				GCC_WARN_UNDECLARED_SELECTOR = YES;
				GCC_WARN_UNINITIALIZED_AUTOS = YES_AGGRESSIVE;
				GCC_WARN_UNUSED_FUNCTION = YES;
				GCC_WARN_UNUSED_VARIABLE = YES;
				IPHONEOS_DEPLOYMENT_TARGET = 12.2;
				MTL_ENABLE_DEBUG_INFO = INCLUDE_SOURCE;
				MTL_FAST_MATH = YES;
				ONLY_ACTIVE_ARCH = YES;
				SDKROOT = iphoneos;
			};
			name = Debug;
		};
		3827E2EC22DE98F9008B8FA0 /* Release */ = {
			isa = XCBuildConfiguration;
			buildSettings = {
				ALWAYS_SEARCH_USER_PATHS = NO;
				CLANG_ANALYZER_NONNULL = YES;
				CLANG_ANALYZER_NUMBER_OBJECT_CONVERSION = YES_AGGRESSIVE;
				CLANG_CXX_LANGUAGE_STANDARD = "gnu++14";
				CLANG_CXX_LIBRARY = "libc++";
				CLANG_ENABLE_MODULES = YES;
				CLANG_ENABLE_OBJC_ARC = YES;
				CLANG_ENABLE_OBJC_WEAK = YES;
				CLANG_WARN_BLOCK_CAPTURE_AUTORELEASING = YES;
				CLANG_WARN_BOOL_CONVERSION = YES;
				CLANG_WARN_COMMA = YES;
				CLANG_WARN_CONSTANT_CONVERSION = YES;
				CLANG_WARN_DEPRECATED_OBJC_IMPLEMENTATIONS = YES;
				CLANG_WARN_DIRECT_OBJC_ISA_USAGE = YES_ERROR;
				CLANG_WARN_DOCUMENTATION_COMMENTS = YES;
				CLANG_WARN_EMPTY_BODY = YES;
				CLANG_WARN_ENUM_CONVERSION = YES;
				CLANG_WARN_INFINITE_RECURSION = YES;
				CLANG_WARN_INT_CONVERSION = YES;
				CLANG_WARN_NON_LITERAL_NULL_CONVERSION = YES;
				CLANG_WARN_OBJC_IMPLICIT_RETAIN_SELF = YES;
				CLANG_WARN_OBJC_LITERAL_CONVERSION = YES;
				CLANG_WARN_OBJC_ROOT_CLASS = YES_ERROR;
				CLANG_WARN_RANGE_LOOP_ANALYSIS = YES;
				CLANG_WARN_STRICT_PROTOTYPES = YES;
				CLANG_WARN_SUSPICIOUS_MOVE = YES;
				CLANG_WARN_UNGUARDED_AVAILABILITY = YES_AGGRESSIVE;
				CLANG_WARN_UNREACHABLE_CODE = YES;
				CLANG_WARN__DUPLICATE_METHOD_MATCH = YES;
				CODE_SIGN_IDENTITY = "iPhone Developer";
				COPY_PHASE_STRIP = NO;
				DEBUG_INFORMATION_FORMAT = "dwarf-with-dsym";
				ENABLE_BITCODE = NO;
				ENABLE_NS_ASSERTIONS = NO;
				ENABLE_STRICT_OBJC_MSGSEND = YES;
				GCC_C_LANGUAGE_STANDARD = gnu11;
				GCC_NO_COMMON_BLOCKS = YES;
				GCC_WARN_64_TO_32_BIT_CONVERSION = YES;
				GCC_WARN_ABOUT_RETURN_TYPE = YES_ERROR;
				GCC_WARN_UNDECLARED_SELECTOR = YES;
				GCC_WARN_UNINITIALIZED_AUTOS = YES_AGGRESSIVE;
				GCC_WARN_UNUSED_FUNCTION = YES;
				GCC_WARN_UNUSED_VARIABLE = YES;
				IPHONEOS_DEPLOYMENT_TARGET = 12.2;
				MTL_ENABLE_DEBUG_INFO = NO;
				MTL_FAST_MATH = YES;
				SDKROOT = iphoneos;
				VALIDATE_PRODUCT = YES;
			};
			name = Release;
		};
		3827E2EE22DE98F9008B8FA0 /* Debug */ = {
			isa = XCBuildConfiguration;
			baseConfigurationReference = 7E043F0558EB857B2995A1E8 /* Pods-fbuapp.debug.xcconfig */;
			buildSettings = {
				ASSETCATALOG_COMPILER_APPICON_NAME = AppIcon;
				CODE_SIGN_STYLE = Automatic;
				DEVELOPMENT_TEAM = P77LWX87UK;
				ENABLE_BITCODE = NO;
				HEADER_SEARCH_PATHS = (
					"$(inherited)",
					"\"${PODS_ROOT}/Headers/Public\"",
					"\"${PODS_ROOT}/Headers/Public/AFNetworking\"",
					"\"${PODS_ROOT}/Headers/Public/Bolts\"",
					"\"${PODS_ROOT}/Headers/Public/DateTools\"",
					"\"${PODS_ROOT}/Headers/Public/FBSDKCoreKit\"",
					"\"${PODS_ROOT}/Headers/Public/FBSDKLoginKit\"",
					"\"${PODS_ROOT}/Headers/Public/Parse\"",
					"\"${PODS_ROOT}/Headers/Public/UITextView+Placeholder\"",
					"\"${PODS_ROOT}/Headers/Public/FBSDKCoreKit\\\"\n \"${PODS_ROOT}/Headers/Public/FBSDKCoreKit/FBSDKCoreKit\\\"",
					"\"${PODS_ROOT}/Headers/Public/Facebook-iOS-SDK/FacebookSDK\\\" \"${PODS_ROOT}/Headers/Public/Facebook-iOS-SDK\\\"",
				);
				INFOPLIST_FILE = fbuapp/Info.plist;
				LD_RUNPATH_SEARCH_PATHS = (
					"$(inherited)",
					"@executable_path/Frameworks",
				);
				OTHER_LDFLAGS = (
					"$(inherited)",
					"-l\"z\"",
					"-framework",
					"\"FBSDKCoreKit\"",
					"-framework",
					"\"FBSDKLoginKit\"",
					"-weak_framework",
					"\"Accounts\"",
					"-weak_framework",
					"\"AudioToolbox\"",
					"-weak_framework",
					"\"CoreGraphics\"",
					"-weak_framework",
					"\"CoreLocation\"",
					"-weak_framework",
					"\"Foundation\"",
					"-weak_framework",
					"\"QuartzCore\"",
					"-weak_framework",
					"\"Security\"",
					"-weak_framework",
					"\"Social\"",
					"-weak_framework",
					"\"UIKit\"",
					"-ObjC",
				);
				PRODUCT_BUNDLE_IDENTIFIER = com.eazheng.fbuapp;
				PRODUCT_NAME = "$(TARGET_NAME)";
				TARGETED_DEVICE_FAMILY = "1,2";
			};
			name = Debug;
		};
		3827E2EF22DE98F9008B8FA0 /* Release */ = {
			isa = XCBuildConfiguration;
			baseConfigurationReference = 1947DF620A93CF45116F0D82 /* Pods-fbuapp.release.xcconfig */;
			buildSettings = {
				ASSETCATALOG_COMPILER_APPICON_NAME = AppIcon;
				CODE_SIGN_STYLE = Automatic;
				DEVELOPMENT_TEAM = P77LWX87UK;
				ENABLE_BITCODE = NO;
				HEADER_SEARCH_PATHS = (
					"$(inherited)",
					"\"${PODS_ROOT}/Headers/Public\"",
					"\"${PODS_ROOT}/Headers/Public/AFNetworking\"",
					"\"${PODS_ROOT}/Headers/Public/Bolts\"",
					"\"${PODS_ROOT}/Headers/Public/DateTools\"",
					"\"${PODS_ROOT}/Headers/Public/FBSDKCoreKit\"",
					"\"${PODS_ROOT}/Headers/Public/FBSDKLoginKit\"",
					"\"${PODS_ROOT}/Headers/Public/Parse\"",
					"\"${PODS_ROOT}/Headers/Public/UITextView+Placeholder\"",
					"\"${PODS_ROOT}/Headers/Public/FBSDKCoreKit\\\"\n \"${PODS_ROOT}/Headers/Public/FBSDKCoreKit/FBSDKCoreKit\\\"",
					"\"${PODS_ROOT}/Headers/Public/Facebook-iOS-SDK/FacebookSDK\\\" \"${PODS_ROOT}/Headers/Public/Facebook-iOS-SDK\\\"",
				);
				INFOPLIST_FILE = fbuapp/Info.plist;
				LD_RUNPATH_SEARCH_PATHS = (
					"$(inherited)",
					"@executable_path/Frameworks",
				);
				OTHER_LDFLAGS = (
					"$(inherited)",
					"-l\"z\"",
					"-framework",
					"\"FBSDKCoreKit\"",
					"-framework",
					"\"FBSDKLoginKit\"",
					"-weak_framework",
					"\"Accounts\"",
					"-weak_framework",
					"\"AudioToolbox\"",
					"-weak_framework",
					"\"CoreGraphics\"",
					"-weak_framework",
					"\"CoreLocation\"",
					"-weak_framework",
					"\"Foundation\"",
					"-weak_framework",
					"\"QuartzCore\"",
					"-weak_framework",
					"\"Security\"",
					"-weak_framework",
					"\"Social\"",
					"-weak_framework",
					"\"UIKit\"",
					"-ObjC",
				);
				PRODUCT_BUNDLE_IDENTIFIER = com.eazheng.fbuapp;
				PRODUCT_NAME = "$(TARGET_NAME)";
				TARGETED_DEVICE_FAMILY = "1,2";
			};
			name = Release;
		};
		3827E2F122DE98F9008B8FA0 /* Debug */ = {
			isa = XCBuildConfiguration;
			buildSettings = {
				BUNDLE_LOADER = "$(TEST_HOST)";
				CODE_SIGN_STYLE = Automatic;
				DEVELOPMENT_TEAM = P77LWX87UK;
				INFOPLIST_FILE = fbuappTests/Info.plist;
				LD_RUNPATH_SEARCH_PATHS = (
					"$(inherited)",
					"@executable_path/Frameworks",
					"@loader_path/Frameworks",
				);
				PRODUCT_BUNDLE_IDENTIFIER = com.eazheng.fbuappTests;
				PRODUCT_NAME = "$(TARGET_NAME)";
				TARGETED_DEVICE_FAMILY = "1,2";
				TEST_HOST = "$(BUILT_PRODUCTS_DIR)/fbuapp.app/fbuapp";
			};
			name = Debug;
		};
		3827E2F222DE98F9008B8FA0 /* Release */ = {
			isa = XCBuildConfiguration;
			buildSettings = {
				BUNDLE_LOADER = "$(TEST_HOST)";
				CODE_SIGN_STYLE = Automatic;
				DEVELOPMENT_TEAM = P77LWX87UK;
				INFOPLIST_FILE = fbuappTests/Info.plist;
				LD_RUNPATH_SEARCH_PATHS = (
					"$(inherited)",
					"@executable_path/Frameworks",
					"@loader_path/Frameworks",
				);
				PRODUCT_BUNDLE_IDENTIFIER = com.eazheng.fbuappTests;
				PRODUCT_NAME = "$(TARGET_NAME)";
				TARGETED_DEVICE_FAMILY = "1,2";
				TEST_HOST = "$(BUILT_PRODUCTS_DIR)/fbuapp.app/fbuapp";
			};
			name = Release;
		};
		3827E2F422DE98F9008B8FA0 /* Debug */ = {
			isa = XCBuildConfiguration;
			buildSettings = {
				CODE_SIGN_STYLE = Automatic;
				DEVELOPMENT_TEAM = P77LWX87UK;
				INFOPLIST_FILE = fbuappUITests/Info.plist;
				LD_RUNPATH_SEARCH_PATHS = (
					"$(inherited)",
					"@executable_path/Frameworks",
					"@loader_path/Frameworks",
				);
				PRODUCT_BUNDLE_IDENTIFIER = com.eazheng.fbuappUITests;
				PRODUCT_NAME = "$(TARGET_NAME)";
				TARGETED_DEVICE_FAMILY = "1,2";
				TEST_TARGET_NAME = fbuapp;
			};
			name = Debug;
		};
		3827E2F522DE98F9008B8FA0 /* Release */ = {
			isa = XCBuildConfiguration;
			buildSettings = {
				CODE_SIGN_STYLE = Automatic;
				DEVELOPMENT_TEAM = P77LWX87UK;
				INFOPLIST_FILE = fbuappUITests/Info.plist;
				LD_RUNPATH_SEARCH_PATHS = (
					"$(inherited)",
					"@executable_path/Frameworks",
					"@loader_path/Frameworks",
				);
				PRODUCT_BUNDLE_IDENTIFIER = com.eazheng.fbuappUITests;
				PRODUCT_NAME = "$(TARGET_NAME)";
				TARGETED_DEVICE_FAMILY = "1,2";
				TEST_TARGET_NAME = fbuapp;
			};
			name = Release;
		};
/* End XCBuildConfiguration section */

/* Begin XCConfigurationList section */
		3827E2BC22DE98F8008B8FA0 /* Build configuration list for PBXProject "fbuapp" */ = {
			isa = XCConfigurationList;
			buildConfigurations = (
				3827E2EB22DE98F9008B8FA0 /* Debug */,
				3827E2EC22DE98F9008B8FA0 /* Release */,
			);
			defaultConfigurationIsVisible = 0;
			defaultConfigurationName = Release;
		};
		3827E2ED22DE98F9008B8FA0 /* Build configuration list for PBXNativeTarget "fbuapp" */ = {
			isa = XCConfigurationList;
			buildConfigurations = (
				3827E2EE22DE98F9008B8FA0 /* Debug */,
				3827E2EF22DE98F9008B8FA0 /* Release */,
			);
			defaultConfigurationIsVisible = 0;
			defaultConfigurationName = Release;
		};
		3827E2F022DE98F9008B8FA0 /* Build configuration list for PBXNativeTarget "fbuappTests" */ = {
			isa = XCConfigurationList;
			buildConfigurations = (
				3827E2F122DE98F9008B8FA0 /* Debug */,
				3827E2F222DE98F9008B8FA0 /* Release */,
			);
			defaultConfigurationIsVisible = 0;
			defaultConfigurationName = Release;
		};
		3827E2F322DE98F9008B8FA0 /* Build configuration list for PBXNativeTarget "fbuappUITests" */ = {
			isa = XCConfigurationList;
			buildConfigurations = (
				3827E2F422DE98F9008B8FA0 /* Debug */,
				3827E2F522DE98F9008B8FA0 /* Release */,
			);
			defaultConfigurationIsVisible = 0;
			defaultConfigurationName = Release;
		};
/* End XCConfigurationList section */
	};
	rootObject = 3827E2B922DE98F8008B8FA0 /* Project object */;
}
