// !$*UTF8*$!
{
	archiveVersion = 1;
	classes = {
	};
	objectVersion = 51;
	objects = {

/* Begin PBXBuildFile section */
		2FDD79737868E795742BA65F /* Pods_fbuapp.framework in Frameworks */ = {isa = PBXBuildFile; fileRef = D2E5224419A9BFE788FE134A /* Pods_fbuapp.framework */; };
		3827E2C622DE98F8008B8FA0 /* AppDelegate.m in Sources */ = {isa = PBXBuildFile; fileRef = 3827E2C522DE98F8008B8FA0 /* AppDelegate.m */; };
		3827E2C922DE98F8008B8FA0 /* LoginViewController.m in Sources */ = {isa = PBXBuildFile; fileRef = 3827E2C822DE98F8008B8FA0 /* LoginViewController.m */; };
		3827E2CC22DE98F8008B8FA0 /* Main.storyboard in Resources */ = {isa = PBXBuildFile; fileRef = 3827E2CA22DE98F8008B8FA0 /* Main.storyboard */; };
		3827E2CE22DE98F9008B8FA0 /* Assets.xcassets in Resources */ = {isa = PBXBuildFile; fileRef = 3827E2CD22DE98F9008B8FA0 /* Assets.xcassets */; };
		3827E2D122DE98F9008B8FA0 /* LaunchScreen.storyboard in Resources */ = {isa = PBXBuildFile; fileRef = 3827E2CF22DE98F9008B8FA0 /* LaunchScreen.storyboard */; };
		3827E2D422DE98F9008B8FA0 /* main.m in Sources */ = {isa = PBXBuildFile; fileRef = 3827E2D322DE98F9008B8FA0 /* main.m */; };
		3827E2DE22DE98F9008B8FA0 /* fbuappTests.m in Sources */ = {isa = PBXBuildFile; fileRef = 3827E2DD22DE98F9008B8FA0 /* fbuappTests.m */; };
		3827E2E922DE98F9008B8FA0 /* fbuappUITests.m in Sources */ = {isa = PBXBuildFile; fileRef = 3827E2E822DE98F9008B8FA0 /* fbuappUITests.m */; };
		75952087513A89F63BDB73FF /* Pods_fbuappTests.framework in Frameworks */ = {isa = PBXBuildFile; fileRef = E2C7AE6EEA297BB83EB63A00 /* Pods_fbuappTests.framework */; };
		83E6B27322E137AF0045B437 /* Post.m in Sources */ = {isa = PBXBuildFile; fileRef = 83E6B27222E137AF0045B437 /* Post.m */; };
		A496A59522E24C9B00F9E81A /* HomeViewController.m in Sources */ = {isa = PBXBuildFile; fileRef = A496A59322E24C9B00F9E81A /* HomeViewController.m */; };
		A496A59622E24C9B00F9E81A /* HomeViewController.xib in Resources */ = {isa = PBXBuildFile; fileRef = A496A59422E24C9B00F9E81A /* HomeViewController.xib */; };
		A496A5A322E25CF800F9E81A /* PostCell.m in Sources */ = {isa = PBXBuildFile; fileRef = A496A5A122E25CF800F9E81A /* PostCell.m */; };
		A496A5A422E25CF800F9E81A /* PostCell.xib in Resources */ = {isa = PBXBuildFile; fileRef = A496A5A222E25CF800F9E81A /* PostCell.xib */; };
		A4B6283B22E7C43C00248F45 /* CoreLocation.framework in Frameworks */ = {isa = PBXBuildFile; fileRef = A4B6283A22E7C43C00248F45 /* CoreLocation.framework */; };
		DB489E5DE6651191239211CD /* Pods_fbuappUITests.framework in Frameworks */ = {isa = PBXBuildFile; fileRef = CF0065FC46B5F21DD664DED4 /* Pods_fbuappUITests.framework */; };
/* End PBXBuildFile section */

/* Begin PBXContainerItemProxy section */
		3827E2DA22DE98F9008B8FA0 /* PBXContainerItemProxy */ = {
			isa = PBXContainerItemProxy;
			containerPortal = 3827E2B922DE98F8008B8FA0 /* Project object */;
			proxyType = 1;
			remoteGlobalIDString = 3827E2C022DE98F8008B8FA0;
			remoteInfo = fbuapp;
		};
		3827E2E522DE98F9008B8FA0 /* PBXContainerItemProxy */ = {
			isa = PBXContainerItemProxy;
			containerPortal = 3827E2B922DE98F8008B8FA0 /* Project object */;
			proxyType = 1;
			remoteGlobalIDString = 3827E2C022DE98F8008B8FA0;
			remoteInfo = fbuapp;
		};
/* End PBXContainerItemProxy section */

/* Begin PBXFileReference section */
		15E63F75679DD06B304AFD58 /* Pods-fbuapp.release.xcconfig */ = {isa = PBXFileReference; includeInIndex = 1; lastKnownFileType = text.xcconfig; name = "Pods-fbuapp.release.xcconfig"; path = "Target Support Files/Pods-fbuapp/Pods-fbuapp.release.xcconfig"; sourceTree = "<group>"; };
		25BC862A5B3026CC08ADE282 /* Pods-fbuapp.debug.xcconfig */ = {isa = PBXFileReference; includeInIndex = 1; lastKnownFileType = text.xcconfig; name = "Pods-fbuapp.debug.xcconfig"; path = "Target Support Files/Pods-fbuapp/Pods-fbuapp.debug.xcconfig"; sourceTree = "<group>"; };
		3827E2C122DE98F8008B8FA0 /* fbuapp.app */ = {isa = PBXFileReference; explicitFileType = wrapper.application; includeInIndex = 0; path = fbuapp.app; sourceTree = BUILT_PRODUCTS_DIR; };
		3827E2C422DE98F8008B8FA0 /* AppDelegate.h */ = {isa = PBXFileReference; lastKnownFileType = sourcecode.c.h; path = AppDelegate.h; sourceTree = "<group>"; };
		3827E2C522DE98F8008B8FA0 /* AppDelegate.m */ = {isa = PBXFileReference; lastKnownFileType = sourcecode.c.objc; path = AppDelegate.m; sourceTree = "<group>"; };
		3827E2C722DE98F8008B8FA0 /* LoginViewController.h */ = {isa = PBXFileReference; lastKnownFileType = sourcecode.c.h; path = LoginViewController.h; sourceTree = "<group>"; };
		3827E2C822DE98F8008B8FA0 /* LoginViewController.m */ = {isa = PBXFileReference; lastKnownFileType = sourcecode.c.objc; path = LoginViewController.m; sourceTree = "<group>"; };
		3827E2CB22DE98F8008B8FA0 /* Base */ = {isa = PBXFileReference; lastKnownFileType = file.storyboard; name = Base; path = Base.lproj/Main.storyboard; sourceTree = "<group>"; };
		3827E2CD22DE98F9008B8FA0 /* Assets.xcassets */ = {isa = PBXFileReference; lastKnownFileType = folder.assetcatalog; path = Assets.xcassets; sourceTree = "<group>"; };
		3827E2D022DE98F9008B8FA0 /* Base */ = {isa = PBXFileReference; lastKnownFileType = file.storyboard; name = Base; path = Base.lproj/LaunchScreen.storyboard; sourceTree = "<group>"; };
		3827E2D222DE98F9008B8FA0 /* Info.plist */ = {isa = PBXFileReference; lastKnownFileType = text.plist.xml; path = Info.plist; sourceTree = "<group>"; };
		3827E2D322DE98F9008B8FA0 /* main.m */ = {isa = PBXFileReference; lastKnownFileType = sourcecode.c.objc; path = main.m; sourceTree = "<group>"; };
		3827E2D922DE98F9008B8FA0 /* fbuappTests.xctest */ = {isa = PBXFileReference; explicitFileType = wrapper.cfbundle; includeInIndex = 0; path = fbuappTests.xctest; sourceTree = BUILT_PRODUCTS_DIR; };
		3827E2DD22DE98F9008B8FA0 /* fbuappTests.m */ = {isa = PBXFileReference; lastKnownFileType = sourcecode.c.objc; path = fbuappTests.m; sourceTree = "<group>"; };
		3827E2DF22DE98F9008B8FA0 /* Info.plist */ = {isa = PBXFileReference; lastKnownFileType = text.plist.xml; path = Info.plist; sourceTree = "<group>"; };
		3827E2E422DE98F9008B8FA0 /* fbuappUITests.xctest */ = {isa = PBXFileReference; explicitFileType = wrapper.cfbundle; includeInIndex = 0; path = fbuappUITests.xctest; sourceTree = BUILT_PRODUCTS_DIR; };
		3827E2E822DE98F9008B8FA0 /* fbuappUITests.m */ = {isa = PBXFileReference; lastKnownFileType = sourcecode.c.objc; path = fbuappUITests.m; sourceTree = "<group>"; };
		3827E2EA22DE98F9008B8FA0 /* Info.plist */ = {isa = PBXFileReference; lastKnownFileType = text.plist.xml; path = Info.plist; sourceTree = "<group>"; };
		3B4C51A1A5894227EFC92EF2 /* Pods-fbuappUITests.release.xcconfig */ = {isa = PBXFileReference; includeInIndex = 1; lastKnownFileType = text.xcconfig; name = "Pods-fbuappUITests.release.xcconfig"; path = "Target Support Files/Pods-fbuappUITests/Pods-fbuappUITests.release.xcconfig"; sourceTree = "<group>"; };
		46F19CAC609CE62F3533B72A /* Pods-fbuappTests.release.xcconfig */ = {isa = PBXFileReference; includeInIndex = 1; lastKnownFileType = text.xcconfig; name = "Pods-fbuappTests.release.xcconfig"; path = "Target Support Files/Pods-fbuappTests/Pods-fbuappTests.release.xcconfig"; sourceTree = "<group>"; };
		83E6B27122E137AF0045B437 /* Post.h */ = {isa = PBXFileReference; lastKnownFileType = sourcecode.c.h; path = Post.h; sourceTree = "<group>"; };
		83E6B27222E137AF0045B437 /* Post.m */ = {isa = PBXFileReference; lastKnownFileType = sourcecode.c.objc; path = Post.m; sourceTree = "<group>"; };
		A496A59222E24C9B00F9E81A /* HomeViewController.h */ = {isa = PBXFileReference; lastKnownFileType = sourcecode.c.h; path = HomeViewController.h; sourceTree = "<group>"; };
		A496A59322E24C9B00F9E81A /* HomeViewController.m */ = {isa = PBXFileReference; lastKnownFileType = sourcecode.c.objc; path = HomeViewController.m; sourceTree = "<group>"; };
		A496A59422E24C9B00F9E81A /* HomeViewController.xib */ = {isa = PBXFileReference; lastKnownFileType = file.xib; path = HomeViewController.xib; sourceTree = "<group>"; };
		A496A5A022E25CF800F9E81A /* PostCell.h */ = {isa = PBXFileReference; lastKnownFileType = sourcecode.c.h; path = PostCell.h; sourceTree = "<group>"; };
		A496A5A122E25CF800F9E81A /* PostCell.m */ = {isa = PBXFileReference; lastKnownFileType = sourcecode.c.objc; path = PostCell.m; sourceTree = "<group>"; };
		A496A5A222E25CF800F9E81A /* PostCell.xib */ = {isa = PBXFileReference; lastKnownFileType = file.xib; path = PostCell.xib; sourceTree = "<group>"; };
		A4B6283A22E7C43C00248F45 /* CoreLocation.framework */ = {isa = PBXFileReference; lastKnownFileType = wrapper.framework; name = CoreLocation.framework; path = System/Library/Frameworks/CoreLocation.framework; sourceTree = SDKROOT; };
		B51A71B6D6B82112B20F0798 /* Pods-fbuappTests.debug.xcconfig */ = {isa = PBXFileReference; includeInIndex = 1; lastKnownFileType = text.xcconfig; name = "Pods-fbuappTests.debug.xcconfig"; path = "Target Support Files/Pods-fbuappTests/Pods-fbuappTests.debug.xcconfig"; sourceTree = "<group>"; };
		CF0065FC46B5F21DD664DED4 /* Pods_fbuappUITests.framework */ = {isa = PBXFileReference; explicitFileType = wrapper.framework; includeInIndex = 0; path = Pods_fbuappUITests.framework; sourceTree = BUILT_PRODUCTS_DIR; };
		D2E5224419A9BFE788FE134A /* Pods_fbuapp.framework */ = {isa = PBXFileReference; explicitFileType = wrapper.framework; includeInIndex = 0; path = Pods_fbuapp.framework; sourceTree = BUILT_PRODUCTS_DIR; };
		E2C7AE6EEA297BB83EB63A00 /* Pods_fbuappTests.framework */ = {isa = PBXFileReference; explicitFileType = wrapper.framework; includeInIndex = 0; path = Pods_fbuappTests.framework; sourceTree = BUILT_PRODUCTS_DIR; };
		E6CE46506AE9A75ADD702A58 /* Pods-fbuappUITests.debug.xcconfig */ = {isa = PBXFileReference; includeInIndex = 1; lastKnownFileType = text.xcconfig; name = "Pods-fbuappUITests.debug.xcconfig"; path = "Target Support Files/Pods-fbuappUITests/Pods-fbuappUITests.debug.xcconfig"; sourceTree = "<group>"; };
/* End PBXFileReference section */

/* Begin PBXFrameworksBuildPhase section */
		3827E2BE22DE98F8008B8FA0 /* Frameworks */ = {
			isa = PBXFrameworksBuildPhase;
			buildActionMask = 2147483647;
			files = (
				A4B6283B22E7C43C00248F45 /* CoreLocation.framework in Frameworks */,
				2FDD79737868E795742BA65F /* Pods_fbuapp.framework in Frameworks */,
			);
			runOnlyForDeploymentPostprocessing = 0;
		};
		3827E2D622DE98F9008B8FA0 /* Frameworks */ = {
			isa = PBXFrameworksBuildPhase;
			buildActionMask = 2147483647;
			files = (
				75952087513A89F63BDB73FF /* Pods_fbuappTests.framework in Frameworks */,
			);
			runOnlyForDeploymentPostprocessing = 0;
		};
		3827E2E122DE98F9008B8FA0 /* Frameworks */ = {
			isa = PBXFrameworksBuildPhase;
			buildActionMask = 2147483647;
			files = (
				DB489E5DE6651191239211CD /* Pods_fbuappUITests.framework in Frameworks */,
			);
			runOnlyForDeploymentPostprocessing = 0;
		};
/* End PBXFrameworksBuildPhase section */

/* Begin PBXGroup section */
		272BC2E3337D227D2928A536 /* Frameworks */ = {
			isa = PBXGroup;
			children = (
				A4B6283A22E7C43C00248F45 /* CoreLocation.framework */,
				D2E5224419A9BFE788FE134A /* Pods_fbuapp.framework */,
				E2C7AE6EEA297BB83EB63A00 /* Pods_fbuappTests.framework */,
				CF0065FC46B5F21DD664DED4 /* Pods_fbuappUITests.framework */,
			);
			name = Frameworks;
			sourceTree = "<group>";
		};
		3827E2B822DE98F8008B8FA0 = {
			isa = PBXGroup;
			children = (
				3827E2C322DE98F8008B8FA0 /* fbuapp */,
				3827E2DC22DE98F9008B8FA0 /* fbuappTests */,
				3827E2E722DE98F9008B8FA0 /* fbuappUITests */,
				3827E2C222DE98F8008B8FA0 /* Products */,
				8CC2BE370E6A87BF5D0A1951 /* Pods */,
				272BC2E3337D227D2928A536 /* Frameworks */,
			);
			sourceTree = "<group>";
		};
		3827E2C222DE98F8008B8FA0 /* Products */ = {
			isa = PBXGroup;
			children = (
				3827E2C122DE98F8008B8FA0 /* fbuapp.app */,
				3827E2D922DE98F9008B8FA0 /* fbuappTests.xctest */,
				3827E2E422DE98F9008B8FA0 /* fbuappUITests.xctest */,
			);
			name = Products;
			sourceTree = "<group>";
		};
		3827E2C322DE98F8008B8FA0 /* fbuapp */ = {
			isa = PBXGroup;
			children = (
				A496A59722E24F9E00F9E81A /* Views */,
				83E6B27422E148E40045B437 /* View Controllers */,
				83E6B27022E136FD0045B437 /* Models */,
				3827E2C422DE98F8008B8FA0 /* AppDelegate.h */,
				3827E2C522DE98F8008B8FA0 /* AppDelegate.m */,
				3827E2CA22DE98F8008B8FA0 /* Main.storyboard */,
				3827E2CD22DE98F9008B8FA0 /* Assets.xcassets */,
				3827E2CF22DE98F9008B8FA0 /* LaunchScreen.storyboard */,
				3827E2D222DE98F9008B8FA0 /* Info.plist */,
				3827E2D322DE98F9008B8FA0 /* main.m */,
			);
			path = fbuapp;
			sourceTree = "<group>";
		};
		3827E2DC22DE98F9008B8FA0 /* fbuappTests */ = {
			isa = PBXGroup;
			children = (
				3827E2DD22DE98F9008B8FA0 /* fbuappTests.m */,
				3827E2DF22DE98F9008B8FA0 /* Info.plist */,
			);
			path = fbuappTests;
			sourceTree = "<group>";
		};
		3827E2E722DE98F9008B8FA0 /* fbuappUITests */ = {
			isa = PBXGroup;
			children = (
				3827E2E822DE98F9008B8FA0 /* fbuappUITests.m */,
				3827E2EA22DE98F9008B8FA0 /* Info.plist */,
			);
			path = fbuappUITests;
			sourceTree = "<group>";
		};
		83E6B27022E136FD0045B437 /* Models */ = {
			isa = PBXGroup;
			children = (
				83E6B27122E137AF0045B437 /* Post.h */,
				83E6B27222E137AF0045B437 /* Post.m */,
			);
			path = Models;
			sourceTree = "<group>";
		};
		83E6B27422E148E40045B437 /* View Controllers */ = {
			isa = PBXGroup;
			children = (
				3827E2C722DE98F8008B8FA0 /* LoginViewController.h */,
				3827E2C822DE98F8008B8FA0 /* LoginViewController.m */,
				A496A59222E24C9B00F9E81A /* HomeViewController.h */,
				A496A59322E24C9B00F9E81A /* HomeViewController.m */,
				A496A59422E24C9B00F9E81A /* HomeViewController.xib */,
			);
			path = "View Controllers";
			sourceTree = "<group>";
		};
		8CC2BE370E6A87BF5D0A1951 /* Pods */ = {
			isa = PBXGroup;
			children = (
				25BC862A5B3026CC08ADE282 /* Pods-fbuapp.debug.xcconfig */,
				15E63F75679DD06B304AFD58 /* Pods-fbuapp.release.xcconfig */,
				B51A71B6D6B82112B20F0798 /* Pods-fbuappTests.debug.xcconfig */,
				46F19CAC609CE62F3533B72A /* Pods-fbuappTests.release.xcconfig */,
				E6CE46506AE9A75ADD702A58 /* Pods-fbuappUITests.debug.xcconfig */,
				3B4C51A1A5894227EFC92EF2 /* Pods-fbuappUITests.release.xcconfig */,
			);
			path = Pods;
			sourceTree = "<group>";
		};
		A496A59722E24F9E00F9E81A /* Views */ = {
			isa = PBXGroup;
			children = (
				A496A5A022E25CF800F9E81A /* PostCell.h */,
				A496A5A122E25CF800F9E81A /* PostCell.m */,
				A496A5A222E25CF800F9E81A /* PostCell.xib */,
			);
			path = Views;
			sourceTree = "<group>";
		};
/* End PBXGroup section */

/* Begin PBXNativeTarget section */
		3827E2C022DE98F8008B8FA0 /* fbuapp */ = {
			isa = PBXNativeTarget;
			buildConfigurationList = 3827E2ED22DE98F9008B8FA0 /* Build configuration list for PBXNativeTarget "fbuapp" */;
			buildPhases = (
				9D622D172BBB84A2DA01CAFF /* [CP] Check Pods Manifest.lock */,
				3827E2BD22DE98F8008B8FA0 /* Sources */,
				3827E2BE22DE98F8008B8FA0 /* Frameworks */,
				3827E2BF22DE98F8008B8FA0 /* Resources */,
				C57C54ECA2F16CAD83AB6657 /* [CP] Embed Pods Frameworks */,
			);
			buildRules = (
			);
			dependencies = (
			);
			name = fbuapp;
			productName = fbuapp;
			productReference = 3827E2C122DE98F8008B8FA0 /* fbuapp.app */;
			productType = "com.apple.product-type.application";
		};
		3827E2D822DE98F9008B8FA0 /* fbuappTests */ = {
			isa = PBXNativeTarget;
			buildConfigurationList = 3827E2F022DE98F9008B8FA0 /* Build configuration list for PBXNativeTarget "fbuappTests" */;
			buildPhases = (
				C5E174A8905F40CC0DAAC018 /* [CP] Check Pods Manifest.lock */,
				3827E2D522DE98F9008B8FA0 /* Sources */,
				3827E2D622DE98F9008B8FA0 /* Frameworks */,
				3827E2D722DE98F9008B8FA0 /* Resources */,
			);
			buildRules = (
			);
			dependencies = (
				3827E2DB22DE98F9008B8FA0 /* PBXTargetDependency */,
			);
			name = fbuappTests;
			productName = fbuappTests;
			productReference = 3827E2D922DE98F9008B8FA0 /* fbuappTests.xctest */;
			productType = "com.apple.product-type.bundle.unit-test";
		};
		3827E2E322DE98F9008B8FA0 /* fbuappUITests */ = {
			isa = PBXNativeTarget;
			buildConfigurationList = 3827E2F322DE98F9008B8FA0 /* Build configuration list for PBXNativeTarget "fbuappUITests" */;
			buildPhases = (
				A69F59CE613C9FAD8E82CA7D /* [CP] Check Pods Manifest.lock */,
				3827E2E022DE98F9008B8FA0 /* Sources */,
				3827E2E122DE98F9008B8FA0 /* Frameworks */,
				3827E2E222DE98F9008B8FA0 /* Resources */,
			);
			buildRules = (
			);
			dependencies = (
				3827E2E622DE98F9008B8FA0 /* PBXTargetDependency */,
			);
			name = fbuappUITests;
			productName = fbuappUITests;
			productReference = 3827E2E422DE98F9008B8FA0 /* fbuappUITests.xctest */;
			productType = "com.apple.product-type.bundle.ui-testing";
		};
/* End PBXNativeTarget section */

/* Begin PBXProject section */
		3827E2B922DE98F8008B8FA0 /* Project object */ = {
			isa = PBXProject;
			attributes = {
				LastUpgradeCheck = 1020;
				ORGANIZATIONNAME = eazheng;
				TargetAttributes = {
					3827E2C022DE98F8008B8FA0 = {
						CreatedOnToolsVersion = 10.2.1;
					};
					3827E2D822DE98F9008B8FA0 = {
						CreatedOnToolsVersion = 10.2.1;
						TestTargetID = 3827E2C022DE98F8008B8FA0;
					};
					3827E2E322DE98F9008B8FA0 = {
						CreatedOnToolsVersion = 10.2.1;
						TestTargetID = 3827E2C022DE98F8008B8FA0;
					};
				};
			};
			buildConfigurationList = 3827E2BC22DE98F8008B8FA0 /* Build configuration list for PBXProject "fbuapp" */;
			compatibilityVersion = "Xcode 9.3";
			developmentRegion = en;
			hasScannedForEncodings = 0;
			knownRegions = (
				en,
				Base,
			);
			mainGroup = 3827E2B822DE98F8008B8FA0;
			productRefGroup = 3827E2C222DE98F8008B8FA0 /* Products */;
			projectDirPath = "";
			projectRoot = "";
			targets = (
				3827E2C022DE98F8008B8FA0 /* fbuapp */,
				3827E2D822DE98F9008B8FA0 /* fbuappTests */,
				3827E2E322DE98F9008B8FA0 /* fbuappUITests */,
			);
		};
/* End PBXProject section */

/* Begin PBXResourcesBuildPhase section */
		3827E2BF22DE98F8008B8FA0 /* Resources */ = {
			isa = PBXResourcesBuildPhase;
			buildActionMask = 2147483647;
			files = (
				3827E2D122DE98F9008B8FA0 /* LaunchScreen.storyboard in Resources */,
				3827E2CE22DE98F9008B8FA0 /* Assets.xcassets in Resources */,
				A496A5A422E25CF800F9E81A /* PostCell.xib in Resources */,
				3827E2CC22DE98F8008B8FA0 /* Main.storyboard in Resources */,
				A496A59622E24C9B00F9E81A /* HomeViewController.xib in Resources */,
			);
			runOnlyForDeploymentPostprocessing = 0;
		};
		3827E2D722DE98F9008B8FA0 /* Resources */ = {
			isa = PBXResourcesBuildPhase;
			buildActionMask = 2147483647;
			files = (
			);
			runOnlyForDeploymentPostprocessing = 0;
		};
		3827E2E222DE98F9008B8FA0 /* Resources */ = {
			isa = PBXResourcesBuildPhase;
			buildActionMask = 2147483647;
			files = (
			);
			runOnlyForDeploymentPostprocessing = 0;
		};
/* End PBXResourcesBuildPhase section */

/* Begin PBXShellScriptBuildPhase section */
		9D622D172BBB84A2DA01CAFF /* [CP] Check Pods Manifest.lock */ = {
			isa = PBXShellScriptBuildPhase;
			buildActionMask = 2147483647;
			files = (
			);
			inputFileListPaths = (
			);
			inputPaths = (
				"${PODS_PODFILE_DIR_PATH}/Podfile.lock",
				"${PODS_ROOT}/Manifest.lock",
			);
			name = "[CP] Check Pods Manifest.lock";
			outputFileListPaths = (
			);
			outputPaths = (
				"$(DERIVED_FILE_DIR)/Pods-fbuapp-checkManifestLockResult.txt",
			);
			runOnlyForDeploymentPostprocessing = 0;
			shellPath = /bin/sh;
			shellScript = "diff \"${PODS_PODFILE_DIR_PATH}/Podfile.lock\" \"${PODS_ROOT}/Manifest.lock\" > /dev/null\nif [ $? != 0 ] ; then\n    # print error to STDERR\n    echo \"error: The sandbox is not in sync with the Podfile.lock. Run 'pod install' or update your CocoaPods installation.\" >&2\n    exit 1\nfi\n# This output is used by Xcode 'outputs' to avoid re-running this script phase.\necho \"SUCCESS\" > \"${SCRIPT_OUTPUT_FILE_0}\"\n";
			showEnvVarsInLog = 0;
		};
		A69F59CE613C9FAD8E82CA7D /* [CP] Check Pods Manifest.lock */ = {
			isa = PBXShellScriptBuildPhase;
			buildActionMask = 2147483647;
			files = (
			);
			inputFileListPaths = (
			);
			inputPaths = (
				"${PODS_PODFILE_DIR_PATH}/Podfile.lock",
				"${PODS_ROOT}/Manifest.lock",
			);
			name = "[CP] Check Pods Manifest.lock";
			outputFileListPaths = (
			);
			outputPaths = (
				"$(DERIVED_FILE_DIR)/Pods-fbuappUITests-checkManifestLockResult.txt",
			);
			runOnlyForDeploymentPostprocessing = 0;
			shellPath = /bin/sh;
			shellScript = "diff \"${PODS_PODFILE_DIR_PATH}/Podfile.lock\" \"${PODS_ROOT}/Manifest.lock\" > /dev/null\nif [ $? != 0 ] ; then\n    # print error to STDERR\n    echo \"error: The sandbox is not in sync with the Podfile.lock. Run 'pod install' or update your CocoaPods installation.\" >&2\n    exit 1\nfi\n# This output is used by Xcode 'outputs' to avoid re-running this script phase.\necho \"SUCCESS\" > \"${SCRIPT_OUTPUT_FILE_0}\"\n";
			showEnvVarsInLog = 0;
		};
		C57C54ECA2F16CAD83AB6657 /* [CP] Embed Pods Frameworks */ = {
			isa = PBXShellScriptBuildPhase;
			buildActionMask = 2147483647;
			files = (
			);
			inputFileListPaths = (
				"${PODS_ROOT}/Target Support Files/Pods-fbuapp/Pods-fbuapp-frameworks-${CONFIGURATION}-input-files.xcfilelist",
			);
			name = "[CP] Embed Pods Frameworks";
			outputFileListPaths = (
				"${PODS_ROOT}/Target Support Files/Pods-fbuapp/Pods-fbuapp-frameworks-${CONFIGURATION}-output-files.xcfilelist",
			);
			runOnlyForDeploymentPostprocessing = 0;
			shellPath = /bin/sh;
			shellScript = "\"${PODS_ROOT}/Target Support Files/Pods-fbuapp/Pods-fbuapp-frameworks.sh\"\n";
			showEnvVarsInLog = 0;
		};
		C5E174A8905F40CC0DAAC018 /* [CP] Check Pods Manifest.lock */ = {
			isa = PBXShellScriptBuildPhase;
			buildActionMask = 2147483647;
			files = (
			);
			inputFileListPaths = (
			);
			inputPaths = (
				"${PODS_PODFILE_DIR_PATH}/Podfile.lock",
				"${PODS_ROOT}/Manifest.lock",
			);
			name = "[CP] Check Pods Manifest.lock";
			outputFileListPaths = (
			);
			outputPaths = (
				"$(DERIVED_FILE_DIR)/Pods-fbuappTests-checkManifestLockResult.txt",
			);
			runOnlyForDeploymentPostprocessing = 0;
			shellPath = /bin/sh;
			shellScript = "diff \"${PODS_PODFILE_DIR_PATH}/Podfile.lock\" \"${PODS_ROOT}/Manifest.lock\" > /dev/null\nif [ $? != 0 ] ; then\n    # print error to STDERR\n    echo \"error: The sandbox is not in sync with the Podfile.lock. Run 'pod install' or update your CocoaPods installation.\" >&2\n    exit 1\nfi\n# This output is used by Xcode 'outputs' to avoid re-running this script phase.\necho \"SUCCESS\" > \"${SCRIPT_OUTPUT_FILE_0}\"\n";
			showEnvVarsInLog = 0;
		};
/* End PBXShellScriptBuildPhase section */

/* Begin PBXSourcesBuildPhase section */
		3827E2BD22DE98F8008B8FA0 /* Sources */ = {
			isa = PBXSourcesBuildPhase;
			buildActionMask = 2147483647;
			files = (
				3827E2C922DE98F8008B8FA0 /* LoginViewController.m in Sources */,
				3827E2D422DE98F9008B8FA0 /* main.m in Sources */,
				3827E2C622DE98F8008B8FA0 /* AppDelegate.m in Sources */,
				A496A59522E24C9B00F9E81A /* HomeViewController.m in Sources */,
				83E6B27322E137AF0045B437 /* Post.m in Sources */,
				A496A5A322E25CF800F9E81A /* PostCell.m in Sources */,
			);
			runOnlyForDeploymentPostprocessing = 0;
		};
		3827E2D522DE98F9008B8FA0 /* Sources */ = {
			isa = PBXSourcesBuildPhase;
			buildActionMask = 2147483647;
			files = (
				3827E2DE22DE98F9008B8FA0 /* fbuappTests.m in Sources */,
			);
			runOnlyForDeploymentPostprocessing = 0;
		};
		3827E2E022DE98F9008B8FA0 /* Sources */ = {
			isa = PBXSourcesBuildPhase;
			buildActionMask = 2147483647;
			files = (
				3827E2E922DE98F9008B8FA0 /* fbuappUITests.m in Sources */,
			);
			runOnlyForDeploymentPostprocessing = 0;
		};
/* End PBXSourcesBuildPhase section */

/* Begin PBXTargetDependency section */
		3827E2DB22DE98F9008B8FA0 /* PBXTargetDependency */ = {
			isa = PBXTargetDependency;
			target = 3827E2C022DE98F8008B8FA0 /* fbuapp */;
			targetProxy = 3827E2DA22DE98F9008B8FA0 /* PBXContainerItemProxy */;
		};
		3827E2E622DE98F9008B8FA0 /* PBXTargetDependency */ = {
			isa = PBXTargetDependency;
			target = 3827E2C022DE98F8008B8FA0 /* fbuapp */;
			targetProxy = 3827E2E522DE98F9008B8FA0 /* PBXContainerItemProxy */;
		};
/* End PBXTargetDependency section */

/* Begin PBXVariantGroup section */
		3827E2CA22DE98F8008B8FA0 /* Main.storyboard */ = {
			isa = PBXVariantGroup;
			children = (
				3827E2CB22DE98F8008B8FA0 /* Base */,
			);
			name = Main.storyboard;
			sourceTree = "<group>";
		};
		3827E2CF22DE98F9008B8FA0 /* LaunchScreen.storyboard */ = {
			isa = PBXVariantGroup;
			children = (
				3827E2D022DE98F9008B8FA0 /* Base */,
			);
			name = LaunchScreen.storyboard;
			sourceTree = "<group>";
		};
/* End PBXVariantGroup section */

/* Begin XCBuildConfiguration section */
		3827E2EB22DE98F9008B8FA0 /* Debug */ = {
			isa = XCBuildConfiguration;
			buildSettings = {
				ALWAYS_SEARCH_USER_PATHS = NO;
				CLANG_ANALYZER_NONNULL = YES;
				CLANG_ANALYZER_NUMBER_OBJECT_CONVERSION = YES_AGGRESSIVE;
				CLANG_CXX_LANGUAGE_STANDARD = "gnu++14";
				CLANG_CXX_LIBRARY = "libc++";
				CLANG_ENABLE_MODULES = YES;
				CLANG_ENABLE_OBJC_ARC = YES;
				CLANG_ENABLE_OBJC_WEAK = YES;
				CLANG_WARN_BLOCK_CAPTURE_AUTORELEASING = YES;
				CLANG_WARN_BOOL_CONVERSION = YES;
				CLANG_WARN_COMMA = YES;
				CLANG_WARN_CONSTANT_CONVERSION = YES;
				CLANG_WARN_DEPRECATED_OBJC_IMPLEMENTATIONS = YES;
				CLANG_WARN_DIRECT_OBJC_ISA_USAGE = YES_ERROR;
				CLANG_WARN_DOCUMENTATION_COMMENTS = YES;
				CLANG_WARN_EMPTY_BODY = YES;
				CLANG_WARN_ENUM_CONVERSION = YES;
				CLANG_WARN_INFINITE_RECURSION = YES;
				CLANG_WARN_INT_CONVERSION = YES;
				CLANG_WARN_NON_LITERAL_NULL_CONVERSION = YES;
				CLANG_WARN_OBJC_IMPLICIT_RETAIN_SELF = YES;
				CLANG_WARN_OBJC_LITERAL_CONVERSION = YES;
				CLANG_WARN_OBJC_ROOT_CLASS = YES_ERROR;
				CLANG_WARN_RANGE_LOOP_ANALYSIS = YES;
				CLANG_WARN_STRICT_PROTOTYPES = YES;
				CLANG_WARN_SUSPICIOUS_MOVE = YES;
				CLANG_WARN_UNGUARDED_AVAILABILITY = YES_AGGRESSIVE;
				CLANG_WARN_UNREACHABLE_CODE = YES;
				CLANG_WARN__DUPLICATE_METHOD_MATCH = YES;
				CODE_SIGN_IDENTITY = "iPhone Developer";
				COPY_PHASE_STRIP = NO;
				DEBUG_INFORMATION_FORMAT = dwarf;
				ENABLE_STRICT_OBJC_MSGSEND = YES;
				ENABLE_TESTABILITY = YES;
				GCC_C_LANGUAGE_STANDARD = gnu11;
				GCC_DYNAMIC_NO_PIC = NO;
				GCC_NO_COMMON_BLOCKS = YES;
				GCC_OPTIMIZATION_LEVEL = 0;
				GCC_PREPROCESSOR_DEFINITIONS = (
					"DEBUG=1",
					"$(inherited)",
				);
				GCC_WARN_64_TO_32_BIT_CONVERSION = YES;
				GCC_WARN_ABOUT_RETURN_TYPE = YES_ERROR;
				GCC_WARN_UNDECLARED_SELECTOR = YES;
				GCC_WARN_UNINITIALIZED_AUTOS = YES_AGGRESSIVE;
				GCC_WARN_UNUSED_FUNCTION = YES;
				GCC_WARN_UNUSED_VARIABLE = YES;
				IPHONEOS_DEPLOYMENT_TARGET = 12.2;
				MTL_ENABLE_DEBUG_INFO = INCLUDE_SOURCE;
				MTL_FAST_MATH = YES;
				ONLY_ACTIVE_ARCH = YES;
				SDKROOT = iphoneos;
			};
			name = Debug;
		};
		3827E2EC22DE98F9008B8FA0 /* Release */ = {
			isa = XCBuildConfiguration;
			buildSettings = {
				ALWAYS_SEARCH_USER_PATHS = NO;
				CLANG_ANALYZER_NONNULL = YES;
				CLANG_ANALYZER_NUMBER_OBJECT_CONVERSION = YES_AGGRESSIVE;
				CLANG_CXX_LANGUAGE_STANDARD = "gnu++14";
				CLANG_CXX_LIBRARY = "libc++";
				CLANG_ENABLE_MODULES = YES;
				CLANG_ENABLE_OBJC_ARC = YES;
				CLANG_ENABLE_OBJC_WEAK = YES;
				CLANG_WARN_BLOCK_CAPTURE_AUTORELEASING = YES;
				CLANG_WARN_BOOL_CONVERSION = YES;
				CLANG_WARN_COMMA = YES;
				CLANG_WARN_CONSTANT_CONVERSION = YES;
				CLANG_WARN_DEPRECATED_OBJC_IMPLEMENTATIONS = YES;
				CLANG_WARN_DIRECT_OBJC_ISA_USAGE = YES_ERROR;
				CLANG_WARN_DOCUMENTATION_COMMENTS = YES;
				CLANG_WARN_EMPTY_BODY = YES;
				CLANG_WARN_ENUM_CONVERSION = YES;
				CLANG_WARN_INFINITE_RECURSION = YES;
				CLANG_WARN_INT_CONVERSION = YES;
				CLANG_WARN_NON_LITERAL_NULL_CONVERSION = YES;
				CLANG_WARN_OBJC_IMPLICIT_RETAIN_SELF = YES;
				CLANG_WARN_OBJC_LITERAL_CONVERSION = YES;
				CLANG_WARN_OBJC_ROOT_CLASS = YES_ERROR;
				CLANG_WARN_RANGE_LOOP_ANALYSIS = YES;
				CLANG_WARN_STRICT_PROTOTYPES = YES;
				CLANG_WARN_SUSPICIOUS_MOVE = YES;
				CLANG_WARN_UNGUARDED_AVAILABILITY = YES_AGGRESSIVE;
				CLANG_WARN_UNREACHABLE_CODE = YES;
				CLANG_WARN__DUPLICATE_METHOD_MATCH = YES;
				CODE_SIGN_IDENTITY = "iPhone Developer";
				COPY_PHASE_STRIP = NO;
				DEBUG_INFORMATION_FORMAT = "dwarf-with-dsym";
				ENABLE_NS_ASSERTIONS = NO;
				ENABLE_STRICT_OBJC_MSGSEND = YES;
				GCC_C_LANGUAGE_STANDARD = gnu11;
				GCC_NO_COMMON_BLOCKS = YES;
				GCC_WARN_64_TO_32_BIT_CONVERSION = YES;
				GCC_WARN_ABOUT_RETURN_TYPE = YES_ERROR;
				GCC_WARN_UNDECLARED_SELECTOR = YES;
				GCC_WARN_UNINITIALIZED_AUTOS = YES_AGGRESSIVE;
				GCC_WARN_UNUSED_FUNCTION = YES;
				GCC_WARN_UNUSED_VARIABLE = YES;
				IPHONEOS_DEPLOYMENT_TARGET = 12.2;
				MTL_ENABLE_DEBUG_INFO = NO;
				MTL_FAST_MATH = YES;
				SDKROOT = iphoneos;
				VALIDATE_PRODUCT = YES;
			};
			name = Release;
		};
		3827E2EE22DE98F9008B8FA0 /* Debug */ = {
			isa = XCBuildConfiguration;
			baseConfigurationReference = 25BC862A5B3026CC08ADE282 /* Pods-fbuapp.debug.xcconfig */;
			buildSettings = {
				ASSETCATALOG_COMPILER_APPICON_NAME = AppIcon;
				CODE_SIGN_STYLE = Automatic;
				DEVELOPMENT_TEAM = P77LWX87UK;
				INFOPLIST_FILE = fbuapp/Info.plist;
				LD_RUNPATH_SEARCH_PATHS = (
					"$(inherited)",
					"@executable_path/Frameworks",
				);
				OTHER_LDFLAGS = (
					"$(inherited)",
					"-l\"z\"",
					"-framework",
					"\"FBSDKCoreKit\"",
					"-framework",
					"\"FBSDKLoginKit\"",
					"-weak_framework",
					"\"Accounts\"",
					"-weak_framework",
					"\"AudioToolbox\"",
					"-weak_framework",
					"\"CoreGraphics\"",
					"-weak_framework",
					"\"CoreLocation\"",
					"-weak_framework",
					"\"Foundation\"",
					"-weak_framework",
					"\"QuartzCore\"",
					"-weak_framework",
					"\"Security\"",
					"-weak_framework",
					"\"Social\"",
					"-weak_framework",
					"\"UIKit\"",
					"-ObjC",
				);
				PRODUCT_BUNDLE_IDENTIFIER = com.eazheng.fbuapp;
				PRODUCT_NAME = "$(TARGET_NAME)";
				TARGETED_DEVICE_FAMILY = "1,2";
			};
			name = Debug;
		};
		3827E2EF22DE98F9008B8FA0 /* Release */ = {
			isa = XCBuildConfiguration;
			baseConfigurationReference = 15E63F75679DD06B304AFD58 /* Pods-fbuapp.release.xcconfig */;
			buildSettings = {
				ASSETCATALOG_COMPILER_APPICON_NAME = AppIcon;
				CODE_SIGN_STYLE = Automatic;
				DEVELOPMENT_TEAM = P77LWX87UK;
				INFOPLIST_FILE = fbuapp/Info.plist;
				LD_RUNPATH_SEARCH_PATHS = (
					"$(inherited)",
					"@executable_path/Frameworks",
				);
				OTHER_LDFLAGS = (
					"$(inherited)",
					"-l\"z\"",
					"-framework",
					"\"FBSDKCoreKit\"",
					"-framework",
					"\"FBSDKLoginKit\"",
					"-weak_framework",
					"\"Accounts\"",
					"-weak_framework",
					"\"AudioToolbox\"",
					"-weak_framework",
					"\"CoreGraphics\"",
					"-weak_framework",
					"\"CoreLocation\"",
					"-weak_framework",
					"\"Foundation\"",
					"-weak_framework",
					"\"QuartzCore\"",
					"-weak_framework",
					"\"Security\"",
					"-weak_framework",
					"\"Social\"",
					"-weak_framework",
					"\"UIKit\"",
					"-ObjC",
				);
				PRODUCT_BUNDLE_IDENTIFIER = com.eazheng.fbuapp;
				PRODUCT_NAME = "$(TARGET_NAME)";
				TARGETED_DEVICE_FAMILY = "1,2";
			};
			name = Release;
		};
		3827E2F122DE98F9008B8FA0 /* Debug */ = {
			isa = XCBuildConfiguration;
			baseConfigurationReference = B51A71B6D6B82112B20F0798 /* Pods-fbuappTests.debug.xcconfig */;
			buildSettings = {
				BUNDLE_LOADER = "$(TEST_HOST)";
				CODE_SIGN_STYLE = Automatic;
				DEVELOPMENT_TEAM = P77LWX87UK;
				INFOPLIST_FILE = fbuappTests/Info.plist;
				LD_RUNPATH_SEARCH_PATHS = (
					"$(inherited)",
					"@executable_path/Frameworks",
					"@loader_path/Frameworks",
				);
				PRODUCT_BUNDLE_IDENTIFIER = com.eazheng.fbuappTests;
				PRODUCT_NAME = "$(TARGET_NAME)";
				TARGETED_DEVICE_FAMILY = "1,2";
				TEST_HOST = "$(BUILT_PRODUCTS_DIR)/fbuapp.app/fbuapp";
			};
			name = Debug;
		};
		3827E2F222DE98F9008B8FA0 /* Release */ = {
			isa = XCBuildConfiguration;
			baseConfigurationReference = 46F19CAC609CE62F3533B72A /* Pods-fbuappTests.release.xcconfig */;
			buildSettings = {
				BUNDLE_LOADER = "$(TEST_HOST)";
				CODE_SIGN_STYLE = Automatic;
				DEVELOPMENT_TEAM = P77LWX87UK;
				INFOPLIST_FILE = fbuappTests/Info.plist;
				LD_RUNPATH_SEARCH_PATHS = (
					"$(inherited)",
					"@executable_path/Frameworks",
					"@loader_path/Frameworks",
				);
				PRODUCT_BUNDLE_IDENTIFIER = com.eazheng.fbuappTests;
				PRODUCT_NAME = "$(TARGET_NAME)";
				TARGETED_DEVICE_FAMILY = "1,2";
				TEST_HOST = "$(BUILT_PRODUCTS_DIR)/fbuapp.app/fbuapp";
			};
			name = Release;
		};
		3827E2F422DE98F9008B8FA0 /* Debug */ = {
			isa = XCBuildConfiguration;
			baseConfigurationReference = E6CE46506AE9A75ADD702A58 /* Pods-fbuappUITests.debug.xcconfig */;
			buildSettings = {
				CODE_SIGN_STYLE = Automatic;
				DEVELOPMENT_TEAM = P77LWX87UK;
				INFOPLIST_FILE = fbuappUITests/Info.plist;
				LD_RUNPATH_SEARCH_PATHS = (
					"$(inherited)",
					"@executable_path/Frameworks",
					"@loader_path/Frameworks",
				);
				PRODUCT_BUNDLE_IDENTIFIER = com.eazheng.fbuappUITests;
				PRODUCT_NAME = "$(TARGET_NAME)";
				TARGETED_DEVICE_FAMILY = "1,2";
				TEST_TARGET_NAME = fbuapp;
			};
			name = Debug;
		};
		3827E2F522DE98F9008B8FA0 /* Release */ = {
			isa = XCBuildConfiguration;
			baseConfigurationReference = 3B4C51A1A5894227EFC92EF2 /* Pods-fbuappUITests.release.xcconfig */;
			buildSettings = {
				CODE_SIGN_STYLE = Automatic;
				DEVELOPMENT_TEAM = P77LWX87UK;
				INFOPLIST_FILE = fbuappUITests/Info.plist;
				LD_RUNPATH_SEARCH_PATHS = (
					"$(inherited)",
					"@executable_path/Frameworks",
					"@loader_path/Frameworks",
				);
				PRODUCT_BUNDLE_IDENTIFIER = com.eazheng.fbuappUITests;
				PRODUCT_NAME = "$(TARGET_NAME)";
				TARGETED_DEVICE_FAMILY = "1,2";
				TEST_TARGET_NAME = fbuapp;
			};
			name = Release;
		};
/* End XCBuildConfiguration section */

/* Begin XCConfigurationList section */
		3827E2BC22DE98F8008B8FA0 /* Build configuration list for PBXProject "fbuapp" */ = {
			isa = XCConfigurationList;
			buildConfigurations = (
				3827E2EB22DE98F9008B8FA0 /* Debug */,
				3827E2EC22DE98F9008B8FA0 /* Release */,
			);
			defaultConfigurationIsVisible = 0;
			defaultConfigurationName = Release;
		};
		3827E2ED22DE98F9008B8FA0 /* Build configuration list for PBXNativeTarget "fbuapp" */ = {
			isa = XCConfigurationList;
			buildConfigurations = (
				3827E2EE22DE98F9008B8FA0 /* Debug */,
				3827E2EF22DE98F9008B8FA0 /* Release */,
			);
			defaultConfigurationIsVisible = 0;
			defaultConfigurationName = Release;
		};
		3827E2F022DE98F9008B8FA0 /* Build configuration list for PBXNativeTarget "fbuappTests" */ = {
			isa = XCConfigurationList;
			buildConfigurations = (
				3827E2F122DE98F9008B8FA0 /* Debug */,
				3827E2F222DE98F9008B8FA0 /* Release */,
			);
			defaultConfigurationIsVisible = 0;
			defaultConfigurationName = Release;
		};
		3827E2F322DE98F9008B8FA0 /* Build configuration list for PBXNativeTarget "fbuappUITests" */ = {
			isa = XCConfigurationList;
			buildConfigurations = (
				3827E2F422DE98F9008B8FA0 /* Debug */,
				3827E2F522DE98F9008B8FA0 /* Release */,
			);
			defaultConfigurationIsVisible = 0;
			defaultConfigurationName = Release;
		};
/* End XCConfigurationList section */
	};
	rootObject = 3827E2B922DE98F8008B8FA0 /* Project object */;
}
